# Generated by conda-lock.
# platform: osx-64
# input_hash: 18bfff333ffb96f5cd34a92abbedfd778b103c68706c9eb57a2c0d1ed0a7976e
@EXPLICIT
https://conda.anaconda.org/conda-forge/osx-64/ca-certificates-2024.8.30-h8857fd0_0.conda#b7e5424e7f06547a903d28e4651dbb21
https://conda.anaconda.org/conda-forge/noarch/font-ttf-dejavu-sans-mono-2.37-hab24e00_0.tar.bz2#0c96522c6bdaed4b1566d11387caaf45
https://conda.anaconda.org/conda-forge/noarch/font-ttf-inconsolata-3.000-h77eed37_0.tar.bz2#34893075a5c9e55cdafac56607368fc6
https://conda.anaconda.org/conda-forge/noarch/font-ttf-source-code-pro-2.038-h77eed37_0.tar.bz2#4d59c254e01d9cde7957100457e2d5fb
https://conda.anaconda.org/conda-forge/noarch/font-ttf-ubuntu-0.83-h77eed37_3.conda#49023d73832ef61042f6a237cb2687e7
https://conda.anaconda.org/conda-forge/osx-64/fribidi-1.0.10-hbcb3906_0.tar.bz2#f1c6b41e0f56998ecd9a3e210faa1dc0
https://conda.anaconda.org/conda-forge/osx-64/libev-4.33-h10d778d_2.conda#899db79329439820b7e8f8de41bca902
https://conda.anaconda.org/conda-forge/osx-64/libffi-3.4.2-h0d85af4_5.tar.bz2#ccb34fb14960ad8b125962d3d79b31a9
https://conda.anaconda.org/conda-forge/osx-64/libiconv-1.17-hd75f5a5_2.conda#6c3628d047e151efba7cf08c5e54d1ca
https://conda.anaconda.org/conda-forge/osx-64/libjpeg-turbo-3.0.0-h0dc2134_1.conda#72507f8e3961bc968af17435060b6dd6
https://conda.anaconda.org/conda-forge/osx-64/libutf8proc-2.8.0-hb7f2c08_0.tar.bz2#db98dc3e58cbc11583180609c429c17d
https://conda.anaconda.org/conda-forge/osx-64/libwebp-base-1.4.0-h10d778d_0.conda#b2c0047ea73819d992484faacbbe1c24
https://conda.anaconda.org/conda-forge/osx-64/python_abi-3.11-5_cp311.conda#e6d62858c06df0be0e6255c753d74787
https://conda.anaconda.org/conda-forge/noarch/tzdata-2024b-hc8b5060_0.conda#8ac3367aafb1cc0a068483c580af8015
https://conda.anaconda.org/conda-forge/osx-64/xz-5.2.6-h775f41a_0.tar.bz2#a72f9d4ea13d55d745ff1ed594747f10
https://conda.anaconda.org/conda-forge/osx-64/yaml-0.2.5-h0d85af4_2.tar.bz2#d7e08fcf8259d742156188e8762b4d20
https://conda.anaconda.org/conda-forge/osx-64/aws-c-common-0.10.0-ha44c9a9_0.conda#49cfcde38ade26d72fc6a103bede21f5
https://conda.anaconda.org/conda-forge/osx-64/bzip2-1.0.8-hfdf4475_7.conda#7ed4301d437b59045be7e051a0308211
https://conda.anaconda.org/conda-forge/osx-64/c-ares-1.34.3-hf13058a_0.conda#c36355bc08d4623c210b00f9935ee632
https://conda.anaconda.org/conda-forge/noarch/fonts-conda-forge-1-0.tar.bz2#f766549260d6815b0c52253f1fb1bb29
https://conda.anaconda.org/conda-forge/osx-64/icu-75.1-h120a0e1_0.conda#d68d48a3060eb5abdc1cdc8e2a3a5966
https://conda.anaconda.org/conda-forge/osx-64/libbrotlicommon-1.1.0-h00291cd_2.conda#58f2c4bdd56c46cc7451596e4ae68e0b
https://conda.anaconda.org/conda-forge/osx-64/libcxx-19.1.3-hf95d169_0.conda#86801fc56d4641e3ef7a63f5d996b960
https://conda.anaconda.org/conda-forge/osx-64/libdeflate-1.22-h00291cd_0.conda#a15785ccc62ae2a8febd299424081efb
https://conda.anaconda.org/conda-forge/osx-64/libexpat-2.6.4-h240833e_0.conda#20307f4049a735a78a29073be1be2626
https://conda.anaconda.org/conda-forge/osx-64/libintl-0.22.5-hdfe23c8_3.conda#52d4d643ed26c07599736326c46bf12f
https://conda.anaconda.org/conda-forge/osx-64/libzlib-1.3.1-hd23fc13_2.conda#003a54a4e32b02f7355b50a837e699da
https://conda.anaconda.org/conda-forge/osx-64/llvm-openmp-19.1.3-hf78d878_0.conda#18a8498d57d871da066beaa09263a638
https://conda.anaconda.org/conda-forge/osx-64/ncurses-6.5-hf036a51_1.conda#e102bbf8a6ceeaf429deab8032fc8977
https://conda.anaconda.org/conda-forge/osx-64/openssl-3.4.0-hd471939_0.conda#ec99d2ce0b3033a75cbad01bbc7c5b71
https://conda.anaconda.org/conda-forge/osx-64/pthread-stubs-0.4-h00291cd_1002.conda#8bcf980d2c6b17094961198284b8e862
https://conda.anaconda.org/conda-forge/osx-64/xorg-libxau-1.0.11-h00291cd_1.conda#c6cc91149a08402bbb313c5dc0142567
https://conda.anaconda.org/conda-forge/osx-64/xorg-libxdmcp-1.1.5-h00291cd_0.conda#9f438e1b6f4e73fd9e6d78bfe7c36743
https://conda.anaconda.org/conda-forge/osx-64/aws-c-cal-0.8.0-h814e318_1.conda#532f048c811213cf7f9c0c280ed5b760
https://conda.anaconda.org/conda-forge/osx-64/aws-c-compression-0.3.0-h814e318_1.conda#ec975f9c7d27591f84dd4da0957ec1a0
https://conda.anaconda.org/conda-forge/osx-64/aws-c-sdkutils-0.2.1-hc280b33_0.conda#ea1bec6200d75ab9cd3a879f407a4310
https://conda.anaconda.org/conda-forge/osx-64/aws-checksums-0.2.0-h814e318_1.conda#40d2ba11f708ec9beccf99a4387a0a25
https://conda.anaconda.org/conda-forge/noarch/fonts-conda-ecosystem-1-0.tar.bz2#fee5683a3f04bd15cbd8318b096a27ab
https://conda.anaconda.org/conda-forge/osx-64/gflags-2.2.2-hac325c4_1005.conda#a26de8814083a6971f14f9c8c3cb36c2
https://conda.anaconda.org/conda-forge/osx-64/gmp-6.3.0-hf036a51_2.conda#427101d13f19c4974552a4e5b072eef1
https://conda.anaconda.org/conda-forge/osx-64/graphite2-1.3.13-h73e2aa4_1003.conda#fc7124f86e1d359fc5d878accd9e814c
https://conda.anaconda.org/conda-forge/osx-64/lerc-4.0.0-hb486fe8_0.tar.bz2#f9d6a4c82889d5ecedec1d90eb673c55
https://conda.anaconda.org/conda-forge/osx-64/libabseil-20240722.0-cxx17_hac325c4_1.conda#40373920232a6ac0404eee9cf39a9f09
https://conda.anaconda.org/conda-forge/osx-64/libbrotlidec-1.1.0-h00291cd_2.conda#34709a1f5df44e054c4a12ab536c5459
https://conda.anaconda.org/conda-forge/osx-64/libbrotlienc-1.1.0-h00291cd_2.conda#691f0dcb36f1ae67f5c489f20ae987ea
https://conda.anaconda.org/conda-forge/osx-64/libcrc32c-1.1.2-he49afe7_0.tar.bz2#23d6d5a69918a438355d7cbc4c3d54c9
https://conda.anaconda.org/conda-forge/osx-64/libedit-3.1.20191231-h0678c8f_2.tar.bz2#6016a8a1d0e63cac3de2c352cd40208b
https://conda.anaconda.org/conda-forge/osx-64/libevent-2.1.12-ha90c15b_1.conda#e38e467e577bd193a7d5de7c2c540b04
https://conda.anaconda.org/conda-forge/osx-64/libgfortran5-13.2.0-h2873a65_3.conda#e4fb4d23ec2870ff3c40d10afe305aec
https://conda.anaconda.org/conda-forge/osx-64/libllvm14-14.0.6-hc8e404f_4.conda#ed06753e2ba7c66ed0ca7f19578fcb68
https://conda.anaconda.org/conda-forge/osx-64/libnghttp2-1.64.0-hc7306c3_0.conda#ab21007194b97beade22ceb7a3f6fee5
https://conda.anaconda.org/conda-forge/osx-64/libpng-1.6.44-h4b8f8c9_0.conda#f32ac2c8dd390dbf169f550887ed09d9
https://conda.anaconda.org/conda-forge/osx-64/libsqlite-3.47.0-h2f8c449_1.conda#af445c495253a871c3d809e1199bb12b
https://conda.anaconda.org/conda-forge/osx-64/libssh2-1.11.0-hd019ec5_0.conda#ca3a72efba692c59a90d4b9fc0dfe774
https://conda.anaconda.org/conda-forge/osx-64/libxcb-1.17.0-hf1f96e2_0.conda#bbeca862892e2898bdb45792a61c4afc
https://conda.anaconda.org/conda-forge/osx-64/libxml2-2.13.5-h495214b_0.conda#8711bc6fb054192dc432741dcd233ac3
https://conda.anaconda.org/conda-forge/osx-64/lz4-c-1.9.4-hf0c8a7f_0.conda#aa04f7143228308662696ac24023f991
https://conda.anaconda.org/conda-forge/osx-64/pcre2-10.44-h7634a1b_2.conda#58cde0663f487778bcd7a0c8daf50293
https://conda.anaconda.org/conda-forge/osx-64/pixman-0.43.4-h73e2aa4_0.conda#cb134c1e03fd32f4e6bea3f6de2614fd
https://conda.anaconda.org/conda-forge/osx-64/qhull-2020.2-h3c5361c_5.conda#dd1ea9ff27c93db7c01a7b7656bd4ad4
https://conda.anaconda.org/conda-forge/osx-64/readline-8.2-h9e318b2_1.conda#f17f77f2acf4d344734bda76829ce14e
https://conda.anaconda.org/conda-forge/osx-64/snappy-1.2.1-he1e6707_0.conda#ddceef5df973c8ff7d6b32353c0cb358
https://conda.anaconda.org/conda-forge/osx-64/tk-8.6.13-h1abcd95_1.conda#bf830ba5afc507c6232d4ef0fb1a882d
https://conda.anaconda.org/conda-forge/osx-64/zlib-1.3.1-hd23fc13_2.conda#c989e0295dcbdc08106fe5d9e935f0b9
https://conda.anaconda.org/conda-forge/osx-64/zstd-1.5.6-h915ae27_0.conda#4cb2cd56f039b129bb0e491c1164167e
https://conda.anaconda.org/conda-forge/osx-64/aws-c-io-0.15.1-h33d4847_1.conda#4fed3d69593030e575d098a3dffa5b00
https://conda.anaconda.org/conda-forge/osx-64/brotli-bin-1.1.0-h00291cd_2.conda#049933ecbf552479a12c7917f0a4ce59
https://conda.anaconda.org/conda-forge/osx-64/freetype-2.12.1-h60636b9_2.conda#25152fce119320c980e5470e64834b50
https://conda.anaconda.org/conda-forge/osx-64/glog-0.7.1-h2790a97_0.conda#06cf91665775b0da395229cd4331b27d
https://conda.anaconda.org/conda-forge/osx-64/krb5-1.21.3-h37d8d59_0.conda#d4765c524b1d91567886bde656fb514b
https://conda.anaconda.org/conda-forge/osx-64/libgfortran-5.0.0-13_2_0_h97931a8_3.conda#0b6e23a012ee7a9a5f6b244f5a92c1d5
https://conda.anaconda.org/conda-forge/osx-64/libglib-2.82.2-hb6ef654_0.conda#2e0511f82f1481210f148e1205fe2482
https://conda.anaconda.org/conda-forge/osx-64/libprotobuf-5.28.2-h8b30cf6_0.conda#2302089e5bcb04ce891ce765c963befb
https://conda.anaconda.org/conda-forge/osx-64/libre2-11-2024.07.02-hd530cb8_1.conda#1e14c67a5e8a9273a98b83fbc0905b99
https://conda.anaconda.org/conda-forge/osx-64/libthrift-0.21.0-h75589b3_0.conda#7a472cd20d9ae866aeb6e292b33381d6
https://conda.anaconda.org/conda-forge/osx-64/libtiff-4.7.0-h583c2ba_1.conda#4b78bcdcc8780cede8b3d090deba874d
https://conda.anaconda.org/conda-forge/osx-64/libxslt-1.1.39-h03b04e6_0.conda#a6e0cec6b3517ffc6b5d36a920fc9312
https://conda.anaconda.org/conda-forge/osx-64/mpfr-4.2.1-haed47dc_3.conda#d511e58aaaabfc23136880d9956fa7a6
https://conda.anaconda.org/conda-forge/osx-64/python-3.11.10-ha513fb2_3_cpython.conda#1a88c32ab9e997380ba1f9306624f805
https://conda.anaconda.org/conda-forge/noarch/alabaster-1.0.0-pyhd8ed1ab_0.conda#7d78a232029458d0077ede6cda30ed0c
https://conda.anaconda.org/conda-forge/osx-64/atk-1.0-2.38.0-h4bec284_2.conda#d9684247c943d492d9aac8687bc5db77
https://conda.anaconda.org/conda-forge/osx-64/aws-c-event-stream-0.5.0-hbfe8335_4.conda#2a772340b744718fa73710e84cc74ff6
https://conda.anaconda.org/conda-forge/osx-64/aws-c-http-0.9.0-h8316fcd_5.conda#0bdc212b67bc378fbbf25b848ffb6c35
https://conda.anaconda.org/conda-forge/noarch/blinker-1.9.0-pyhff2d567_0.conda#42834439227a4551b939beeeb8a4b085
https://conda.anaconda.org/conda-forge/osx-64/brotli-1.1.0-h00291cd_2.conda#2db0c38a7f2321c5bdaf32b181e832c7
https://conda.anaconda.org/conda-forge/osx-64/brotli-python-1.1.0-py311hd89902b_2.conda#d75f06ee06001794aa83a05e885f1520
https://conda.anaconda.org/conda-forge/noarch/certifi-2024.8.30-pyhd8ed1ab_0.conda#12f7d00853807b0531775e9be891cb11
https://conda.anaconda.org/conda-forge/noarch/charset-normalizer-3.4.0-pyhd8ed1ab_0.conda#a374efa97290b8799046df7c5ca17164
https://conda.anaconda.org/conda-forge/noarch/click-8.1.7-unix_pyh707e725_0.conda#f3ad426304898027fc619827ff428eca
https://conda.anaconda.org/conda-forge/noarch/cloudpickle-3.1.0-pyhd8ed1ab_1.conda#c88ca2bb7099167912e3b26463fff079
https://conda.anaconda.org/conda-forge/noarch/colorama-0.4.6-pyhd8ed1ab_0.tar.bz2#3faab06a954c2a04039983f2c4a50d99
https://conda.anaconda.org/conda-forge/noarch/cpython-3.11.10-py311hd8ed1ab_3.conda#b6d1a583921c24bb45feef32262b10aa
https://conda.anaconda.org/conda-forge/noarch/cycler-0.12.1-pyhd8ed1ab_0.conda#5cd86562580f274031ede6aa6aa24441
https://conda.anaconda.org/conda-forge/noarch/docutils-0.21.2-pyhd8ed1ab_0.conda#e8cd5d629f65bdf0f3bb312cde14659e
https://conda.anaconda.org/conda-forge/noarch/exceptiongroup-1.2.2-pyhd8ed1ab_0.conda#d02ae936e42063ca46af6cdad2dbd1e0
https://conda.anaconda.org/conda-forge/osx-64/fontconfig-2.15.0-h37eeddb_1.conda#84ccec5ee37eb03dd352db0a3f89ada3
https://conda.anaconda.org/conda-forge/noarch/fsspec-2024.10.0-pyhff2d567_0.conda#816dbc4679a64e4417cd1385d661bb31
https://conda.anaconda.org/conda-forge/noarch/future-1.0.0-pyhd8ed1ab_0.conda#650a7807e689642dddd3590eb817beed
https://conda.anaconda.org/conda-forge/osx-64/gdk-pixbuf-2.42.12-ha587570_0.conda#ee186d2e8db4605030753dc05025d4a0
https://conda.anaconda.org/conda-forge/osx-64/gts-0.7.6-h53e17e3_4.conda#848cc963fcfbd063c7a023024aa3bec0
https://conda.anaconda.org/conda-forge/noarch/hpack-4.0.0-pyh9f0ad1d_0.tar.bz2#914d6646c4dbb1fd3ff539830a12fd71
https://conda.anaconda.org/conda-forge/noarch/hyperframe-6.0.1-pyhd8ed1ab_0.tar.bz2#9f765cbfab6870c8435b9eefecd7a1f4
https://conda.anaconda.org/conda-forge/noarch/idna-3.10-pyhd8ed1ab_0.conda#7ba2ede0e7c795ff95088daf0dc59753
https://conda.anaconda.org/conda-forge/noarch/imagesize-1.4.1-pyhd8ed1ab_0.tar.bz2#7de5386c8fea29e76b303f37dde4c352
https://conda.anaconda.org/conda-forge/noarch/iniconfig-2.0.0-pyhd8ed1ab_0.conda#f800d2da156d08e289b14e87e43c1ae5
https://conda.anaconda.org/conda-forge/noarch/itsdangerous-2.2.0-pyhd8ed1ab_0.conda#ff7ca04134ee8dde1d7cf491a78ef7c7
https://conda.anaconda.org/conda-forge/osx-64/kiwisolver-1.4.7-py311hf2f7c97_0.conda#24b0e3e3444be9fabcc8457c409e297f
https://conda.anaconda.org/conda-forge/osx-64/lcms2-2.16-ha2f27b4_0.conda#1442db8f03517834843666c422238c9b
https://conda.anaconda.org/conda-forge/osx-64/libcurl-8.10.1-h58e7537_0.conda#6c8669d8228a2bbd0283911cc6d6726e
https://conda.anaconda.org/conda-forge/osx-64/libopenblas-0.3.28-openmp_hbf64a52_1.conda#cd2c572c02a73b88c4d378eb31110e85
https://conda.anaconda.org/conda-forge/osx-64/llvmlite-0.43.0-py311h25b8078_1.conda#19d1706a45751962b116123dcbc578f0
https://conda.anaconda.org/conda-forge/noarch/locket-1.0.0-pyhd8ed1ab_0.tar.bz2#91e27ef3d05cc772ce627e51cff111c4
https://conda.anaconda.org/conda-forge/osx-64/lxml-5.3.0-py311hc8cc58a_2.conda#80e778464ecfd40f4d152656f7ea9d78
https://conda.anaconda.org/conda-forge/osx-64/lz4-4.3.3-py311h12b7ed1_1.conda#ab30eba2d9fe565ff640369016e74fe5
https://conda.anaconda.org/conda-forge/osx-64/markupsafe-3.0.2-py311h8b4e8a7_0.conda#87074906abc091b40ac46e7881b7e45d
https://conda.anaconda.org/conda-forge/osx-64/mpc-1.3.1-h9d8efa1_1.conda#0520855aaae268ea413d6bc913f1384c
https://conda.anaconda.org/conda-forge/noarch/mpmath-1.3.0-pyhd8ed1ab_0.conda#dbf6e2d89137da32fa6670f3bffc024e
https://conda.anaconda.org/conda-forge/osx-64/msgpack-python-1.1.0-py311hf2f7c97_0.conda#6804cd42195bf94efd1b892688c96412
https://conda.anaconda.org/conda-forge/noarch/munkres-1.1.4-pyh9f0ad1d_0.tar.bz2#2ba8498c1018c1e9c61eb99b973dfe19
https://conda.anaconda.org/conda-forge/noarch/nest-asyncio-1.6.0-pyhd8ed1ab_0.conda#6598c056f64dc8800d40add25e4e2c34
https://conda.anaconda.org/conda-forge/noarch/networkx-3.4.2-pyh267e887_2.conda#fd40bf7f7f4bc4b647dc8512053d9873
https://conda.anaconda.org/conda-forge/osx-64/openjpeg-2.5.2-h7310d3a_0.conda#05a14cc9d725dd74995927968d6547e3
https://conda.anaconda.org/conda-forge/osx-64/orc-2.0.2-hb8ce1e1_2.conda#4943ece8238f5b0385cad55b50544f8a
https://conda.anaconda.org/conda-forge/noarch/packaging-24.2-pyhd8ed1ab_0.conda#c16469afe1ec91aaafcf4bea966c0465
https://conda.anaconda.org/conda-forge/noarch/platformdirs-4.3.6-pyhd8ed1ab_0.conda#fd8f2b18b65bbf62e8f653100690c8d2
https://conda.anaconda.org/conda-forge/noarch/pluggy-1.5.0-pyhd8ed1ab_0.conda#d3483c8fc2dc2cc3f5cf43e26d60cabf
https://conda.anaconda.org/conda-forge/osx-64/psutil-6.1.0-py311h1314207_0.conda#446e328d89429c077ccd74d7e9d8853e
https://conda.anaconda.org/conda-forge/noarch/pycparser-2.22-pyhd8ed1ab_0.conda#844d9eb3b43095b031874477f7d70088
https://conda.anaconda.org/conda-forge/noarch/pygments-2.18.0-pyhd8ed1ab_0.conda#b7f5c092b8f9800150d998a71b76d5a1
https://conda.anaconda.org/conda-forge/noarch/pyparsing-3.2.0-pyhd8ed1ab_1.conda#035c17fbf099f50ff60bf2eb303b0a83
https://conda.anaconda.org/conda-forge/noarch/pysocks-1.7.1-pyha2e5f31_6.tar.bz2#2a7de29fb590ca14b5243c4c812c8025
https://conda.anaconda.org/conda-forge/noarch/python-tzdata-2024.2-pyhd8ed1ab_0.conda#986287f89929b2d629bd6ef6497dc307
https://conda.anaconda.org/conda-forge/noarch/pytz-2024.1-pyhd8ed1ab_0.conda#3eeeeb9e4827ace8c0c1419c85d590ad
https://conda.anaconda.org/conda-forge/osx-64/pyyaml-6.0.2-py311h3336109_1.conda#b0132bec7165a53403dcc393ff761a9e
https://conda.anaconda.org/conda-forge/osx-64/re2-2024.07.02-h2fb0a26_1.conda#aa8ea927cdbdf690efeae3e575716131
https://conda.anaconda.org/conda-forge/noarch/setuptools-75.3.0-pyhd8ed1ab_0.conda#2ce9825396daf72baabaade36cee16da
https://conda.anaconda.org/conda-forge/noarch/six-1.16.0-pyh6c4a22f_0.tar.bz2#e5f25f8dbc060e9a8d912e432202afc2
https://conda.anaconda.org/conda-forge/noarch/snowballstemmer-2.2.0-pyhd8ed1ab_0.tar.bz2#4d22a9315e78c6827f806065957d566e
https://conda.anaconda.org/conda-forge/noarch/sortedcontainers-2.4.0-pyhd8ed1ab_0.tar.bz2#6d6552722448103793743dabfbda532d
https://conda.anaconda.org/conda-forge/noarch/sphinxcontrib-jsmath-1.0.1-pyhd8ed1ab_0.conda#da1d979339e2714c30a8e806a33ec087
https://conda.anaconda.org/conda-forge/noarch/tblib-3.0.0-pyhd8ed1ab_0.conda#04eedddeb68ad39871c8127dd1c21f4f
https://conda.anaconda.org/conda-forge/noarch/tenacity-9.0.0-pyhd8ed1ab_0.conda#42af51ad3b654ece73572628ad2882ae
https://conda.anaconda.org/conda-forge/noarch/tomli-2.1.0-pyhff2d567_0.conda#3fa1089b4722df3a900135925f4519d9
https://conda.anaconda.org/conda-forge/noarch/toolz-1.0.0-pyhd8ed1ab_0.conda#34feccdd4177f2d3d53c73fc44fd9a37
https://conda.anaconda.org/conda-forge/osx-64/tornado-6.4.1-py311h3336109_1.conda#5e051c4c2b80c381173b2c1719265617
https://conda.anaconda.org/conda-forge/noarch/typing_extensions-4.12.2-pyha770c72_0.conda#ebe6952715e1d5eb567eeebf25250fa7
https://conda.anaconda.org/conda-forge/osx-64/unicodedata2-15.1.0-py311h1314207_1.conda#574fd9b8168c1b109003c3c431c0bb7e
https://conda.anaconda.org/conda-forge/noarch/wheel-0.45.0-pyhd8ed1ab_0.conda#f9751d7c71df27b2d29f5cab3378982e
https://conda.anaconda.org/conda-forge/noarch/xyzservices-2024.9.0-pyhd8ed1ab_0.conda#156c91e778c1d4d57b709f8c5333fd06
https://conda.anaconda.org/conda-forge/noarch/zict-3.0.0-pyhd8ed1ab_0.conda#cf30c2c15b82aacb07f9c09e28ff2275
https://conda.anaconda.org/conda-forge/noarch/zipp-3.21.0-pyhd8ed1ab_0.conda#fee389bf8a4843bd7a2248ce11b7f188
https://conda.anaconda.org/conda-forge/osx-64/aws-c-auth-0.8.0-h69e5304_7.conda#2242fb13381c1025354a51848ac324e5
https://conda.anaconda.org/conda-forge/osx-64/aws-c-mqtt-0.11.0-hec7e333_5.conda#9d91c9c8c61d1ea2fb5b6d3bab4b795d
https://conda.anaconda.org/conda-forge/osx-64/azure-core-cpp-1.14.0-h9a36307_0.conda#1082a031824b12a2be731d600cfa5ccb
https://conda.anaconda.org/conda-forge/noarch/babel-2.16.0-pyhd8ed1ab_0.conda#6d4e9ecca8d88977147e109fc7053184
https://conda.anaconda.org/conda-forge/osx-64/cairo-1.18.0-h37bd5c4_3.conda#448aad56614db52338dc4fd4c758cfb6
https://conda.anaconda.org/conda-forge/osx-64/cffi-1.17.1-py311h137bacd_0.conda#a4b0f531064fa3dd5e3afbb782ea2cd5
https://conda.anaconda.org/conda-forge/noarch/commonmark-0.9.1-py_0.tar.bz2#6aa0173c14befcd577ded130cf6f22f5
https://conda.anaconda.org/conda-forge/osx-64/cytoolz-1.0.0-py311h3336109_1.conda#d7a579f4ad0ad76e49fb62151ad6fd6f
https://conda.anaconda.org/conda-forge/osx-64/fonttools-4.55.0-py311ha3cf9ac_0.conda#57ae8d06b0d70028a20d2e87b3ea8724
https://conda.anaconda.org/conda-forge/osx-64/gmpy2-2.1.5-py311hf411314_2.conda#6a32d14f9cea3a64e29b3cf39b8718d7
https://conda.anaconda.org/conda-forge/noarch/h2-4.1.0-pyhd8ed1ab_0.tar.bz2#b748fbf7060927a6e82df7cb5ee8f097
https://conda.anaconda.org/conda-forge/noarch/importlib-metadata-8.5.0-pyha770c72_0.conda#54198435fce4d64d8a89af22573012a8
https://conda.anaconda.org/conda-forge/noarch/jinja2-3.1.4-pyhd8ed1ab_0.conda#7b86ecb7d3557821c649b3c31e3eb9f2
https://conda.anaconda.org/conda-forge/osx-64/libblas-3.9.0-25_osx64_openblas.conda#da0a6f87958893e1d2e2bbc7e7a6541f
https://conda.anaconda.org/conda-forge/osx-64/libgd-2.3.3-h2e77e4f_10.conda#a87f68ea91c66e1a9fb515f6aeba6ba2
https://conda.anaconda.org/conda-forge/osx-64/libgrpc-1.67.1-he6e0b18_0.conda#05ea1754e8da5d0e8faf9ec599505834
https://conda.anaconda.org/conda-forge/noarch/partd-1.4.2-pyhd8ed1ab_0.conda#0badf9c54e24cecfb0ad2f99d680c163
https://conda.anaconda.org/conda-forge/osx-64/pillow-11.0.0-py311h1f68098_0.conda#ab73babea5e9a94d4f0f3c8fead83459
https://conda.anaconda.org/conda-forge/noarch/pip-24.3.1-pyh8b19718_0.conda#5dd546fe99b44fda83963d15f84263b7
https://conda.anaconda.org/conda-forge/noarch/plotly-5.24.1-pyhd8ed1ab_0.conda#81bb643d6c3ab4cbeaf724e9d68d0a6a
https://conda.anaconda.org/conda-forge/noarch/pytest-8.3.3-pyhd8ed1ab_0.conda#c03d61f31f38fdb9facf70c29958bf7a
https://conda.anaconda.org/conda-forge/noarch/python-dateutil-2.9.0-pyhd8ed1ab_0.conda#2cf4264fffb9e6eff6031c5b6884d61c
https://conda.anaconda.org/conda-forge/noarch/retrying-1.3.3-pyhd8ed1ab_3.conda#1f7482562f2082f1b2abf8a3e2a41b63
https://conda.anaconda.org/conda-forge/noarch/typing-extensions-4.12.2-hd8ed1ab_0.conda#52d648bd608f5737b123f510bb5514b5
https://conda.anaconda.org/conda-forge/noarch/werkzeug-3.1.3-pyhff2d567_0.conda#f06be40e91eb82775b486f485c90995e
https://conda.anaconda.org/conda-forge/osx-64/aws-c-s3-0.7.0-hdbd2099_7.conda#8d93a49485ce40fa6765e2cbc6df560e
https://conda.anaconda.org/conda-forge/osx-64/azure-identity-cpp-1.10.0-ha4e2ba9_0.conda#ad56b6a4b8931d37a2cf5bc724a46f01
https://conda.anaconda.org/conda-forge/osx-64/azure-storage-common-cpp-12.8.0-h1ccc5ac_1.conda#5b3e79eb148d6e30d6c697788bad9960
https://conda.anaconda.org/conda-forge/noarch/flask-3.1.0-pyhff2d567_0.conda#3963487fb67f4deb3e16728ad101da7c
https://conda.anaconda.org/conda-forge/noarch/flexcache-0.3-pyhd8ed1ab_0.conda#6ed8dc449e0da09c5aaa4e71eb91059a
https://conda.anaconda.org/conda-forge/noarch/flexparser-0.4-pyhd8ed1ab_0.conda#fa7030389ca7b33bd3430dd12d25e91b
https://conda.anaconda.org/conda-forge/osx-64/harfbuzz-9.0.0-h098a298_1.conda#8dd3c790d5ce9f3bc94c46e5b218e5f8
https://conda.anaconda.org/conda-forge/noarch/importlib_metadata-8.5.0-hd8ed1ab_0.conda#2a92e152208121afadf85a5e1f3a5f4d
https://conda.anaconda.org/conda-forge/osx-64/libcblas-3.9.0-25_osx64_openblas.conda#ab304b75ea67f850cf7adf9156e3f62f
https://conda.anaconda.org/conda-forge/osx-64/libgoogle-cloud-2.31.0-hd00c612_0.conda#65d85eb999d66f8be20d3735a9ceaa7f
https://conda.anaconda.org/conda-forge/osx-64/liblapack-3.9.0-25_osx64_openblas.conda#dda0e24b4605ebbd381e48606a107bed
https://conda.anaconda.org/conda-forge/noarch/sympy-1.13.3-pyh2585a3b_104.conda#68085d736d2b2f54498832b65059875d
https://conda.anaconda.org/conda-forge/osx-64/zstandard-0.23.0-py311hdf6fcd6_1.conda#4fc42d6f85a21b09ee6477f456554df3
https://conda.anaconda.org/conda-forge/osx-64/aws-crt-cpp-0.29.3-h9d5f034_2.conda#5d627f1d988c07ca8a3f49739f9413e3
https://conda.anaconda.org/conda-forge/osx-64/azure-storage-blobs-cpp-12.13.0-h3d2f5f1_1.conda#3df4fb5d6d0e7b3fb28e071aff23787e
https://conda.anaconda.org/conda-forge/noarch/dask-core-2024.11.2-pyhd8ed1ab_0.conda#86269596fa40b5b59b1eb8187f04ca1c
https://conda.anaconda.org/conda-forge/osx-64/libgoogle-cloud-storage-2.31.0-h3f2b517_0.conda#3f8c6c99af88f5039869c24aea7024a6
https://conda.anaconda.org/conda-forge/osx-64/numpy-2.0.2-py311h394b0bb_0.conda#2711f0de1d44b82d1e023b73b612e901
https://conda.anaconda.org/conda-forge/osx-64/pango-1.54.0-h115fe74_2.conda#9bfd18e7d9292154b2b79ddb7145f9cf
https://conda.anaconda.org/conda-forge/noarch/pint-0.24.4-pyhd8ed1ab_0.conda#cb091db43679e633dc2a4b83cdd72069
https://conda.anaconda.org/conda-forge/noarch/urllib3-2.2.3-pyhd8ed1ab_0.conda#6b55867f385dd762ed99ea687af32a69
https://conda.anaconda.org/conda-forge/osx-64/aws-sdk-cpp-1.11.407-hd94a03e_9.conda#c7f63181f02906d4f2f1634e251b4a1b
https://conda.anaconda.org/conda-forge/osx-64/azure-storage-files-datalake-cpp-12.12.0-h86941f0_1.conda#60452336e7f61f6fdaaff69264ee112e
https://conda.anaconda.org/conda-forge/osx-64/contourpy-1.3.1-py311h4e34fa0_0.conda#6bc3882064e277827934e2c6e5281661
https://conda.anaconda.org/conda-forge/noarch/distributed-2024.11.2-pyhd8ed1ab_0.conda#82613fc096ecd4a0a0f50681e0e1f994
https://conda.anaconda.org/conda-forge/osx-64/gtk2-2.24.33-h2c15c3c_5.conda#308376a1154bc0ab3bbeeccf6ff986be
https://conda.anaconda.org/conda-forge/osx-64/librsvg-2.58.4-h2682814_0.conda#0022c69263e9bb8c530feff2dfc431f9
https://conda.anaconda.org/conda-forge/osx-64/numba-0.60.0-py311h0e5bd6a_0.conda#8bd1ff28924ea52b539528d85f70a1ac
https://conda.anaconda.org/conda-forge/osx-64/pandas-2.2.3-py311haeb46be_1.conda#ca32a9963a1b5c636b5131831ded81f3
https://conda.anaconda.org/conda-forge/osx-64/rapidfuzz-3.10.1-py311ha701b48_0.conda#adc4f85f578d15cc2ad34496e72d8b42
https://conda.anaconda.org/conda-forge/noarch/requests-2.32.3-pyhd8ed1ab_0.conda#5ede4753180c7a550a443c430dc8ab52
https://conda.anaconda.org/conda-forge/osx-64/scipy-1.14.1-py311hed734c1_1.conda#22812381ffcab544161a257666f1c203
https://conda.anaconda.org/conda-forge/noarch/bokeh-3.6.1-pyhd8ed1ab_0.conda#e88d74bb7b9b89d4c9764286ceb94cc9
https://conda.anaconda.org/conda-forge/noarch/dash-2.18.1-pyhd8ed1ab_0.conda#07f061eda0489f827c821e995cd1a7a4
https://conda.anaconda.org/conda-forge/noarch/dask-jobqueue-0.9.0-pyhd8ed1ab_0.conda#a201de7d36907f2355426e019168d337
https://conda.anaconda.org/conda-forge/osx-64/graphviz-12.0.0-he14ced1_0.conda#ef49aa1e3614bfc6fb5369675129c09b
https://conda.anaconda.org/conda-forge/osx-64/levenshtein-0.26.1-py311ha701b48_0.conda#eee88bde9bb034eeb2ffdc6514682860
https://conda.anaconda.org/conda-forge/osx-64/libarrow-18.0.0-h055a9bd_4_cpu.conda#93aafcd3103ea074328576c72bbc1336
https://conda.anaconda.org/conda-forge/osx-64/matplotlib-base-3.9.2-py311h8b21175_2.conda#baafa77537c20f3b575f5729de00d487
https://conda.anaconda.org/conda-forge/noarch/pint-pandas-0.6.2-pyhd8ed1ab_0.conda#e55b00e0140b525877b732c4ef057f48
https://conda.anaconda.org/conda-forge/osx-64/coolprop-6.6.0-py311hd89902b_3.conda#dc90a891141e91c2f0d884e89a7a181d
https://conda.anaconda.org/conda-forge/osx-64/libarrow-acero-18.0.0-h240833e_4_cpu.conda#2fc98fee58382440a8ec9f9aa77c0507
https://conda.anaconda.org/conda-forge/osx-64/libparquet-18.0.0-hc957f30_4_cpu.conda#ea5d515b98830e604748610fd05dbffe
https://conda.anaconda.org/conda-forge/osx-64/pyarrow-core-18.0.0-py311he02522f_1_cpu.conda#df3ea8a426ce2ae5b996d68b46df5348
https://conda.anaconda.org/conda-forge/osx-64/pydot-3.0.2-py311h6eed73b_0.conda#67e1c6c550da89960cda81f81679dbaf
https://conda.anaconda.org/conda-forge/noarch/python-levenshtein-0.26.1-pyhff2d567_0.conda#a8692c2498b372a57836cae82ffb9045
https://conda.anaconda.org/conda-forge/noarch/fuzzywuzzy-0.18.0-pyhd8ed1ab_0.tar.bz2#fd0e908becef4023c922f29740e9dd32
https://conda.anaconda.org/conda-forge/osx-64/libarrow-dataset-18.0.0-h240833e_4_cpu.conda#7b6f9a82024402908c1123431e037bb5
https://conda.anaconda.org/conda-forge/noarch/fluids-1.0.27-pyhff2d567_0.conda#e3289f2c9c4ac8b6270908c0fce1a1f8
https://conda.anaconda.org/conda-forge/osx-64/libarrow-substrait-18.0.0-h5c0c8cd_4_cpu.conda#21122230f7913613684a7553a5772218
https://conda.anaconda.org/conda-forge/noarch/chemicals-1.2.0-pyhd8ed1ab_0.conda#b966e7f0c7681cbf53fa48405d89167a
https://conda.anaconda.org/conda-forge/osx-64/pyarrow-18.0.0-py311h6eed73b_1.conda#1883b0cbb8df31c1cc67239775ab0817
https://conda.anaconda.org/conda-forge/noarch/dask-expr-1.1.19-pyhd8ed1ab_0.conda#09ea33eb6525cc703ce1d39c88378320
https://conda.anaconda.org/conda-forge/noarch/thermo-0.3.0-pyhd8ed1ab_0.conda#94829f47b8dae916968c658941c65315
https://conda.anaconda.org/conda-forge/noarch/dask-2024.11.2-pyhd8ed1ab_0.conda#2271232349fb358aeafb6a8a7fd575a8
https://conda.anaconda.org/conda-forge/noarch/sphinx-argparse-0.5.2-pyhd8ed1ab_0.conda#b18f366aafcdc7b8790ee27c057b3957
https://conda.anaconda.org/conda-forge/noarch/sphinxcontrib-applehelp-2.0.0-pyhd8ed1ab_0.conda#9075bd8c033f0257122300db914e49c9
https://conda.anaconda.org/conda-forge/noarch/sphinxcontrib-devhelp-2.0.0-pyhd8ed1ab_0.conda#b3bcc38c471ebb738854f52a36059b48
https://conda.anaconda.org/conda-forge/noarch/sphinxcontrib-htmlhelp-2.1.0-pyhd8ed1ab_0.conda#e25640d692c02e8acfff0372f547e940
https://conda.anaconda.org/conda-forge/noarch/sphinxcontrib-jquery-4.1-pyhd8ed1ab_0.conda#914897066d5873acfb13e75705276ad1
https://conda.anaconda.org/conda-forge/noarch/sphinx_rtd_theme-3.0.1-pyha770c72_0.conda#740536f8a54250b1964e494c0bf5c9c3
https://conda.anaconda.org/conda-forge/noarch/sphinxcontrib-qthelp-2.0.0-pyhd8ed1ab_0.conda#d6e5ea5fe00164ac6c2dcc5d76a42192
https://conda.anaconda.org/conda-forge/noarch/sphinx-8.1.3-pyhd8ed1ab_0.conda#05706dd5a145a9c91861495cd435409a
https://conda.anaconda.org/conda-forge/noarch/sphinxcontrib-serializinghtml-1.1.10-pyhd8ed1ab_0.conda#e507335cb4ca9cff4c3d0fa9cdab255e
# pip ansicolors @ https://files.pythonhosted.org/packages/53/18/a56e2fe47b259bb52201093a3a9d4a32014f9d85071ad07e9d60600890ca/ansicolors-1.1.8-py2.py3-none-any.whl#sha256=00d2dde5a675579325902536738dd27e4fac1fd68f773fe36c21044eb559e187
# pip dash-core-components @ https://files.pythonhosted.org/packages/00/9e/a29f726e84e531a36d56cff187e61d8c96d2cc253c5bcef9a7695acb7e6a/dash_core_components-2.0.0-py3-none-any.whl#sha256=52b8e8cce13b18d0802ee3acbc5e888cb1248a04968f962d63d070400af2e346
# pip dash-html-components @ https://files.pythonhosted.org/packages/75/65/1b16b853844ef59b2742a7de74a598f376ac0ab581f0dcc34db294e5c90e/dash_html_components-2.0.0-py3-none-any.whl#sha256=b42cc903713c9706af03b3f2548bda4be7307a7cf89b7d6eae3da872717d1b63
# pip dash-table @ https://files.pythonhosted.org/packages/da/ce/43f77dc8e7bbad02a9f88d07bf794eaf68359df756a28bb9f2f78e255bb1/dash_table-5.0.0-py3-none-any.whl#sha256=19036fa352bb1c11baf38068ec62d172f0515f73ca3276c79dee49b95ddc16c9
# pip decorator @ https://files.pythonhosted.org/packages/d5/50/83c593b07763e1161326b3b8c6686f0f4b0f24d5526546bee538c89837d6/decorator-5.1.1-py3-none-any.whl#sha256=b8c3f85900b9dc423225913c5aace94729fe1fa9763b38939a95226f02d37186
# pip et-xmlfile @ https://files.pythonhosted.org/packages/c1/8b/5fe2cc11fee489817272089c4203e679c63b570a5aaeb18d852ae3cbba6a/et_xmlfile-2.0.0-py3-none-any.whl#sha256=7a91720bc756843502c3b7504c77b8fe44217c85c537d85037f0f536151b2caa
# pip executing @ https://files.pythonhosted.org/packages/b5/fd/afcd0496feca3276f509df3dbd5dae726fcc756f1a08d9e25abe1733f962/executing-2.1.0-py2.py3-none-any.whl#sha256=8d63781349375b5ebccc3142f4b30350c0cd9c79f921cde38be2be4637e98eaf
# pip free-properties @ https://files.pythonhosted.org/packages/76/15/9115abafa5a7e94dd7178d20067d5d1998d773c06493d2012d4d1d80ec76/free_properties-0.3.6-py3-none-any.whl#sha256=3c5ee013e6a74f46d7232824fb499428c9f40f1b4efd6cd8c34510e91d65a381
# pip numpy @ https://files.pythonhosted.org/packages/11/57/baae43d14fe163fa0e4c47f307b6b2511ab8d7d30177c491960504252053/numpy-1.26.4-cp311-cp311-macosx_10_9_x86_64.whl#sha256=4c66707fabe114439db9068ee468c26bbdf909cac0fb58686a42a24de1760c71
# pip parso @ https://files.pythonhosted.org/packages/c6/ac/dac4a63f978e4dcb3c6d3a78c4d8e0192a113d288502a1216950c41b1027/parso-0.8.4-py2.py3-none-any.whl#sha256=a418670a20291dacd2dddc80c377c5c3791378ee1e8d12bffc35420643d43f18
# pip ptyprocess @ https://files.pythonhosted.org/packages/22/a6/858897256d0deac81a172289110f31629fc4cee19b6f01283303e18c8db3/ptyprocess-0.7.0-py2.py3-none-any.whl#sha256=4b41f3967fce3af57cc7e94b888626c18bf37a083e3651ca8feeb66d492fef35
# pip pure-eval @ https://files.pythonhosted.org/packages/8e/37/efad0257dc6e593a18957422533ff0f87ede7c9c6ea010a2177d738fb82f/pure_eval-0.2.3-py3-none-any.whl#sha256=1db8e35b67b3d218d818ae653e27f06c3aa420901fa7b081ca98cbedc874e0d0
# pip pyglet @ https://files.pythonhosted.org/packages/2a/03/17a5cc013b9dbe531f5e64e026f7ec4143ffcd77ae055a0c07e6211cb3d6/pyglet-2.0.18-py3-none-any.whl#sha256=e592952ae0297e456c587b6486ed8c3e5f9d0c3519d517bb92dde5fdf4c26b41
# pip pyxsteam @ https://files.pythonhosted.org/packages/db/4c/814e6f7efce6a7be6e65e01a39b62d55514d8aab36f0f50f44f3cf7a7c62/pyXSteam-0.4.9-py3-none-any.whl#sha256=628e91b4be23b513704421ba701be1a93c358a19726a5a38fba150679f94cbc6
# pip traitlets @ https://files.pythonhosted.org/packages/00/c0/8f5d070730d7836adc9c9b6408dec68c6ced86b304a9b26a14df072a6e8c/traitlets-5.14.3-py3-none-any.whl#sha256=b74e89e397b1ed28cc831db7aea759ba6640cb3de13090ca145426688ff1ac4f
# pip wcwidth @ https://files.pythonhosted.org/packages/fd/84/fd2ba7aafacbad3c4201d395674fc6348826569da3c0937e75505ead3528/wcwidth-0.2.13-py2.py3-none-any.whl#sha256=3da69048e4540d84af32131829ff948f1e022c1c6bdb8d6102117aac784f6859
# pip xlrd @ https://files.pythonhosted.org/packages/a6/0c/c2a72d51fe56e08a08acc85d13013558a2d793028ae7385448a6ccdfae64/xlrd-2.0.1-py2.py3-none-any.whl#sha256=6a33ee89877bd9abc1158129f6e94be74e2679636b8a205b43b85206c3f0bbdd
# pip asttokens @ https://files.pythonhosted.org/packages/45/86/4736ac618d82a20d87d2f92ae19441ebc7ac9e7a581d7e58bbe79233b24a/asttokens-2.4.1-py2.py3-none-any.whl#sha256=051ed49c3dcae8913ea7cd08e46a606dba30b79993209636c4875bc1d637bc24
# pip colorpalette @ https://files.pythonhosted.org/packages/bf/c2/1b8de77cebbe8a825ff2e90a35238f707cb7d5e88f52b6e993686afecd9c/colorpalette-0.3.3.tar.gz#sha256=e4bb8f5b087b5719bd01e39a4df2a646db15cad9fe765234dd8ba85b47488ceb
# pip dash-cytoscape @ https://files.pythonhosted.org/packages/ea/b7/0d511af853024241dc3192bea77e4753ea606187bd2dd777a8209a5b01bb/dash_cytoscape-1.0.2.tar.gz#sha256=a61019d2184d63a2b3b5c06d056d3b867a04223a674cc3c7cf900a561a9a59aa
# pip flexsolve @ https://files.pythonhosted.org/packages/e7/0e/1c1e6ff246b8bea2718392b4045cfc8d666c53f63bb4ef9ff70373d93468/flexsolve-0.5.7.tar.gz#sha256=d5d75114928417d5ef3341a5ecf5cf35905752b718d7227a0612b140044d236a
# pip jedi @ https://files.pythonhosted.org/packages/c0/5a/9cac0c82afec3d09ccd97c8b6502d48f165f9124db81b4bcb90b4af974ee/jedi-0.19.2-py2.py3-none-any.whl#sha256=a8ef22bde8490f57fe5c7681a3c83cb58874daf72b4784de3cce5b6ef6edb5b9
# pip matplotlib-inline @ https://files.pythonhosted.org/packages/8f/8e/9ad090d3553c280a8060fbf6e24dc1c0c29704ee7d1c372f0c174aa59285/matplotlib_inline-0.1.7-py3-none-any.whl#sha256=df192d39a4ff8f21b1895d72e6a13f5fcc5099f00fa84384e0ea28c2cc0653ca
# pip openpyxl @ https://files.pythonhosted.org/packages/c0/da/977ded879c29cbd04de313843e76868e6e13408a94ed6b987245dc7c8506/openpyxl-3.1.5-py2.py3-none-any.whl#sha256=5282c12b107bffeef825f4617dc029afaf41d0ea60823bbb665ef3079dc79de2
# pip pexpect @ https://files.pythonhosted.org/packages/9e/c3/059298687310d527a58bb01f3b1965787ee3b40dce76752eda8b44e9a2c5/pexpect-4.9.0-py2.py3-none-any.whl#sha256=7236d1e080e4936be2dc3e326cec0af72acf9212a7e1d060210e70a47e253523
# pip prompt-toolkit @ https://files.pythonhosted.org/packages/a9/6a/fd08d94654f7e67c52ca30523a178b3f8ccc4237fce4be90d39c938a831a/prompt_toolkit-3.0.48-py3-none-any.whl#sha256=f49a827f90062e411f1ce1f854f2aedb3c23353244f8108b89283587397ac10e
# pip werkzeug @ https://files.pythonhosted.org/packages/6c/69/05837f91dfe42109203ffa3e488214ff86a6d68b2ed6c167da6cdc42349b/werkzeug-3.0.6-py3-none-any.whl#sha256=1bc0c2310d2fbb07b1dd1105eba2f7af72f322e1e455f2f93c993bee8c8a5f17
# pip flask @ https://files.pythonhosted.org/packages/61/80/ffe1da13ad9300f87c93af113edd0638c75138c42a0994becfacac078c06/flask-3.0.3-py3-none-any.whl#sha256=34e815dfaa43340d1d15a5c3a02b8476004037eb4840b34910c6e21679d288f3
# pip stack-data @ https://files.pythonhosted.org/packages/f1/7b/ce1eafaf1a76852e2ec9b22edecf1daa58175c090266e9f6c64afcd81d91/stack_data-0.6.3-py3-none-any.whl#sha256=d5558e0c25a4cb0853cddad3d77da9891a08cb85dd9f9f91b9f8cd66e511e695
# pip ipython @ https://files.pythonhosted.org/packages/c5/a5/c15ed187f1b3fac445bb42a2dedd8dec1eee1718b35129242049a13a962f/ipython-8.29.0-py3-none-any.whl#sha256=0188a1bd83267192123ccea7f4a8ed0a78910535dbaa3f37671dca76ebd429c8
# pip thermosteam @ https://files.pythonhosted.org/packages/ce/9e/c243c28473d1b84aeadbed0f2d8019e2ddf17ba270104946326e8f8fec74/thermosteam-0.46.0.tar.gz#sha256=585bf223654a376930daba303e5687c152c7ff46ee611ef91f9ee5541b51692e
