# Generated by conda-lock.
# platform: win-64
# input_hash: 55643c764f0cb81eae2329d69359e813521acd1780351a5c895a77cbe3b21150
@EXPLICIT
https://conda.anaconda.org/conda-forge/win-64/ca-certificates-2024.8.30-h56e8100_0.conda#4c4fd67c18619be5aa65dc5b6c72e490
https://conda.anaconda.org/conda-forge/noarch/font-ttf-dejavu-sans-mono-2.37-hab24e00_0.tar.bz2#0c96522c6bdaed4b1566d11387caaf45
https://conda.anaconda.org/conda-forge/noarch/font-ttf-inconsolata-3.000-h77eed37_0.tar.bz2#34893075a5c9e55cdafac56607368fc6
https://conda.anaconda.org/conda-forge/noarch/font-ttf-source-code-pro-2.038-h77eed37_0.tar.bz2#4d59c254e01d9cde7957100457e2d5fb
https://conda.anaconda.org/conda-forge/noarch/font-ttf-ubuntu-0.83-h77eed37_3.conda#49023d73832ef61042f6a237cb2687e7
https://conda.anaconda.org/conda-forge/win-64/intel-openmp-2024.2.1-h57928b3_1083.conda#2d89243bfb53652c182a7c73182cce4f
https://conda.anaconda.org/conda-forge/win-64/python_abi-3.11-5_cp311.conda#895b873644c11ccc0ab7dba2d8513ae6
https://conda.anaconda.org/conda-forge/noarch/tzdata-2024b-hc8b5060_0.conda#8ac3367aafb1cc0a068483c580af8015
https://conda.anaconda.org/conda-forge/win-64/ucrt-10.0.22621.0-h57928b3_1.conda#6797b005cd0f439c4c5c9ac565783700
https://conda.anaconda.org/conda-forge/noarch/fonts-conda-forge-1-0.tar.bz2#f766549260d6815b0c52253f1fb1bb29
https://conda.anaconda.org/conda-forge/win-64/libwinpthread-12.0.0.r4.gg4f2fc60ca-h57928b3_8.conda#03cccbba200ee0523bde1f3dad60b1f3
https://conda.anaconda.org/conda-forge/win-64/vc14_runtime-14.40.33810-hcc2c482_22.conda#ce23a4b980ee0556a118ed96550ff3f3
https://conda.anaconda.org/conda-forge/noarch/fonts-conda-ecosystem-1-0.tar.bz2#fee5683a3f04bd15cbd8318b096a27ab
https://conda.anaconda.org/conda-forge/win-64/libgomp-14.2.0-h1383e82_1.conda#9e2d4d1214df6f21cba12f6eff4972f9
https://conda.anaconda.org/conda-forge/win-64/vc-14.3-h8a93ad2_22.conda#a47cd756e88d8a80dfae678842d4acc9
https://conda.anaconda.org/conda-forge/win-64/vs2015_runtime-14.40.33810-h3bf8584_22.conda#8c6b061d44cafdfc8e8c6eb5f100caf0
https://conda.anaconda.org/conda-forge/win-64/_openmp_mutex-4.5-2_gnu.conda#37e16618af5c4851a3f3d66dd0e11141
https://conda.anaconda.org/conda-forge/win-64/aws-c-common-0.10.0-h2466b09_0.conda#a6462c0d801bb99fd4f70989a0a88da9
https://conda.anaconda.org/conda-forge/win-64/bzip2-1.0.8-h2466b09_7.conda#276e7ffe9ffe39688abc665ef0f45596
https://conda.anaconda.org/conda-forge/win-64/c-ares-1.34.3-h2466b09_0.conda#7dd8f0c4af6a36df3b402fa12e19854c
https://conda.anaconda.org/conda-forge/win-64/fribidi-1.0.10-h8d14728_0.tar.bz2#807e81d915f2bb2e49951648615241f6
https://conda.anaconda.org/conda-forge/win-64/getopt-win32-0.1-hcfcfb64_1.conda#714d0882dc5e692ca4683d8e520f73c6
https://conda.anaconda.org/conda-forge/win-64/graphite2-1.3.13-h63175ca_1003.conda#3194499ee7d1a67404a87d0eefdd92c6
https://conda.anaconda.org/conda-forge/win-64/icu-75.1-he0c23c2_0.conda#8579b6bb8d18be7c0b27fb08adeeeb40
https://conda.anaconda.org/conda-forge/win-64/lerc-4.0.0-h63175ca_0.tar.bz2#1900cb3cab5055833cfddb0ba233b074
https://conda.anaconda.org/conda-forge/win-64/libabseil-20240722.0-cxx17_he0c23c2_1.conda#3f59a73b07a05530b252ecb07dd882b9
https://conda.anaconda.org/conda-forge/win-64/libbrotlicommon-1.1.0-h2466b09_2.conda#f7dc9a8f21d74eab46456df301da2972
https://conda.anaconda.org/conda-forge/win-64/libcrc32c-1.1.2-h0e60522_0.tar.bz2#cd4cc2d0c610c8cb5419ccc979f2d6ce
https://conda.anaconda.org/conda-forge/win-64/libdeflate-1.22-h2466b09_0.conda#a3439ce12d4e3cd887270d9436f9a4c8
https://conda.anaconda.org/conda-forge/win-64/libexpat-2.6.4-he0c23c2_0.conda#eb383771c680aa792feb529eaf9df82f
https://conda.anaconda.org/conda-forge/win-64/libffi-3.4.2-h8ffe710_5.tar.bz2#2c96d1b6915b408893f9472569dee135
https://conda.anaconda.org/conda-forge/win-64/libiconv-1.17-hcfcfb64_2.conda#e1eb10b1cca179f2baa3601e4efc8712
https://conda.anaconda.org/conda-forge/win-64/libjpeg-turbo-3.0.0-hcfcfb64_1.conda#3f1b948619c45b1ca714d60c7389092c
https://conda.anaconda.org/conda-forge/win-64/libsqlite-3.47.0-h2466b09_1.conda#5b1f36012cc3d09c4eb9f24ad0e2c379
https://conda.anaconda.org/conda-forge/win-64/libutf8proc-2.8.0-h82a8f57_0.tar.bz2#076894846fe9f068f91c57d158c90cba
https://conda.anaconda.org/conda-forge/win-64/libwebp-base-1.4.0-hcfcfb64_0.conda#abd61d0ab127ec5cd68f62c2969e6f34
https://conda.anaconda.org/conda-forge/win-64/libzlib-1.3.1-h2466b09_2.conda#41fbfac52c601159df6c01f875de31b9
https://conda.anaconda.org/conda-forge/win-64/lz4-c-1.9.4-hcfcfb64_0.conda#e34720eb20a33fc3bfb8451dd837ab7a
https://conda.anaconda.org/conda-forge/win-64/openssl-3.4.0-h2466b09_0.conda#d0d805d9b5524a14efb51b3bff965e83
https://conda.anaconda.org/conda-forge/win-64/pixman-0.43.4-h63175ca_0.conda#b98135614135d5f458b75ab9ebb9558c
https://conda.anaconda.org/conda-forge/win-64/qhull-2020.2-hc790b64_5.conda#854fbdff64b572b5c0b470f334d34c11
https://conda.anaconda.org/conda-forge/win-64/snappy-1.2.1-h23299a8_0.conda#7635a408509e20dcfc7653ca305ad799
https://conda.anaconda.org/conda-forge/win-64/tbb-2021.7.0-h91493d7_0.tar.bz2#f57be598137919e4f7e7d159960d66a1
https://conda.anaconda.org/conda-forge/win-64/tk-8.6.13-h5226925_1.conda#fc048363eb8f03cd1737600a5d08aafe
https://conda.anaconda.org/conda-forge/win-64/xz-5.2.6-h8d14728_0.tar.bz2#515d77642eaa3639413c6b1bc3f94219
https://conda.anaconda.org/conda-forge/win-64/yaml-0.2.5-h8ffe710_2.tar.bz2#adbfb9f45d1004a26763652246a33764
https://conda.anaconda.org/conda-forge/win-64/aws-c-cal-0.8.0-hf66253b_1.conda#5320b98ffdcad04620b4c7114824dd5f
https://conda.anaconda.org/conda-forge/win-64/aws-c-compression-0.3.0-hf66253b_1.conda#1bc3248e156f0f2e76512004226dc5b5
https://conda.anaconda.org/conda-forge/win-64/aws-c-sdkutils-0.2.1-hf66253b_0.conda#6f73c27f8405b3428e039bc8daf16c0a
https://conda.anaconda.org/conda-forge/win-64/aws-checksums-0.2.0-hf66253b_1.conda#3cffe95307082f02b37813933333b55b
https://conda.anaconda.org/conda-forge/win-64/krb5-1.21.3-hdf4eb48_0.conda#31aec030344e962fbd7dbbbbd68e60a9
https://conda.anaconda.org/conda-forge/win-64/libbrotlidec-1.1.0-h2466b09_2.conda#9bae75ce723fa34e98e239d21d752a7e
https://conda.anaconda.org/conda-forge/win-64/libbrotlienc-1.1.0-h2466b09_2.conda#85741a24d97954a991e55e34bc55990b
https://conda.anaconda.org/conda-forge/win-64/libevent-2.1.12-h3671451_1.conda#25efbd786caceef438be46da78a7b5ef
https://conda.anaconda.org/conda-forge/win-64/libgcc-14.2.0-h1383e82_1.conda#75fdd34824997a0f9950a703b15d8ac5
https://conda.anaconda.org/conda-forge/win-64/libintl-0.22.5-h5728263_3.conda#2cf0cf76cc15d360dfa2f17fd6cf9772
https://conda.anaconda.org/conda-forge/win-64/libpng-1.6.44-h3ca93ac_0.conda#639ac6b55a40aa5de7b8c1b4d78f9e81
https://conda.anaconda.org/conda-forge/win-64/libprotobuf-5.28.2-hcaed137_0.conda#97c6d2f83edd7b400a22660e2a4d1488
https://conda.anaconda.org/conda-forge/win-64/libre2-11-2024.07.02-h4eb7d71_1.conda#d8dbfb066c8e3e85439687613d32057d
https://conda.anaconda.org/conda-forge/win-64/libssh2-1.11.0-h7dfc565_0.conda#dc262d03aae04fe26825062879141a41
https://conda.anaconda.org/conda-forge/win-64/libxml2-2.13.5-h442d1da_0.conda#1fbabbec60a3c7c519a5973b06c3b2f4
https://conda.anaconda.org/conda-forge/win-64/mkl-2024.2.2-h66d3029_14.conda#f011e7cc21918dc9d1efe0209e27fa16
https://conda.anaconda.org/conda-forge/win-64/pcre2-10.44-h3d7b363_2.conda#a3a3baddcfb8c80db84bec3cb7746fb8
https://conda.anaconda.org/conda-forge/win-64/python-3.11.10-hce54a09_3_cpython.conda#5d54d429c0eb2273d1cc69763de6edaf
https://conda.anaconda.org/conda-forge/win-64/zlib-1.3.1-h2466b09_2.conda#be60c4e8efa55fddc17b4131aa47acbd
https://conda.anaconda.org/conda-forge/win-64/zstd-1.5.6-h0ea2cb4_0.conda#9a17230f95733c04dc40a2b1e5491d74
https://conda.anaconda.org/conda-forge/noarch/alabaster-1.0.0-pyhd8ed1ab_0.conda#7d78a232029458d0077ede6cda30ed0c
https://conda.anaconda.org/conda-forge/win-64/aws-c-io-0.15.1-h78a6df4_1.conda#09bdf595c67b21cf9705771c61a552dd
https://conda.anaconda.org/conda-forge/noarch/blinker-1.9.0-pyhff2d567_0.conda#42834439227a4551b939beeeb8a4b085
https://conda.anaconda.org/conda-forge/win-64/brotli-bin-1.1.0-h2466b09_2.conda#d22534a9be5771fc58eb7564947f669d
https://conda.anaconda.org/conda-forge/win-64/brotli-python-1.1.0-py311hda3d55a_2.conda#a0ea2839841a06740a1c110ba3317b42
https://conda.anaconda.org/conda-forge/noarch/certifi-2024.8.30-pyhd8ed1ab_0.conda#12f7d00853807b0531775e9be891cb11
https://conda.anaconda.org/conda-forge/noarch/charset-normalizer-3.4.0-pyhd8ed1ab_0.conda#a374efa97290b8799046df7c5ca17164
https://conda.anaconda.org/conda-forge/noarch/cloudpickle-3.1.0-pyhd8ed1ab_1.conda#c88ca2bb7099167912e3b26463fff079
https://conda.anaconda.org/conda-forge/noarch/colorama-0.4.6-pyhd8ed1ab_0.tar.bz2#3faab06a954c2a04039983f2c4a50d99
https://conda.anaconda.org/conda-forge/noarch/cycler-0.12.1-pyhd8ed1ab_0.conda#5cd86562580f274031ede6aa6aa24441
https://conda.anaconda.org/conda-forge/noarch/docutils-0.21.2-pyhd8ed1ab_0.conda#e8cd5d629f65bdf0f3bb312cde14659e
https://conda.anaconda.org/conda-forge/noarch/exceptiongroup-1.2.2-pyhd8ed1ab_0.conda#d02ae936e42063ca46af6cdad2dbd1e0
https://conda.anaconda.org/conda-forge/win-64/freetype-2.12.1-hdaf720e_2.conda#3761b23693f768dc75a8fd0a73ca053f
https://conda.anaconda.org/conda-forge/noarch/fsspec-2024.10.0-pyhff2d567_0.conda#816dbc4679a64e4417cd1385d661bb31
https://conda.anaconda.org/conda-forge/noarch/future-1.0.0-pyhd8ed1ab_0.conda#650a7807e689642dddd3590eb817beed
https://conda.anaconda.org/conda-forge/noarch/hpack-4.0.0-pyh9f0ad1d_0.tar.bz2#914d6646c4dbb1fd3ff539830a12fd71
https://conda.anaconda.org/conda-forge/noarch/hyperframe-6.0.1-pyhd8ed1ab_0.tar.bz2#9f765cbfab6870c8435b9eefecd7a1f4
https://conda.anaconda.org/conda-forge/noarch/idna-3.10-pyhd8ed1ab_0.conda#7ba2ede0e7c795ff95088daf0dc59753
https://conda.anaconda.org/conda-forge/noarch/imagesize-1.4.1-pyhd8ed1ab_0.tar.bz2#7de5386c8fea29e76b303f37dde4c352
https://conda.anaconda.org/conda-forge/noarch/iniconfig-2.0.0-pyhd8ed1ab_0.conda#f800d2da156d08e289b14e87e43c1ae5
https://conda.anaconda.org/conda-forge/noarch/itsdangerous-2.2.0-pyhd8ed1ab_0.conda#ff7ca04134ee8dde1d7cf491a78ef7c7
https://conda.anaconda.org/conda-forge/win-64/kiwisolver-1.4.7-py311h3257749_0.conda#18fd1ac3d79a8d6550eaea5ceaa00036
https://conda.anaconda.org/conda-forge/win-64/libblas-3.9.0-25_win64_mkl.conda#499208e81242efb6e5abc7366c91c816
https://conda.anaconda.org/conda-forge/win-64/libcurl-8.10.1-h1ee3ff0_0.conda#7ead800e22ff7b4bccb73e42a8f7a0f4
https://conda.anaconda.org/conda-forge/win-64/libglib-2.82.2-h7025463_0.conda#3e379c1b908a7101ecbc503def24613f
https://conda.anaconda.org/conda-forge/win-64/libthrift-0.21.0-hbe90ef8_0.conda#7699570e1f97de7001a7107aabf2d677
https://conda.anaconda.org/conda-forge/win-64/libtiff-4.7.0-hfc51747_1.conda#eac317ed1cc6b9c0af0c27297e364665
https://conda.anaconda.org/conda-forge/win-64/libxslt-1.1.39-h3df6e99_0.conda#279ee338c9b34871d578cb3c7aa68f70
https://conda.anaconda.org/conda-forge/win-64/llvmlite-0.43.0-py311h7deaa30_1.conda#c59d60615d5c5a9e9539a106478d332c
https://conda.anaconda.org/conda-forge/noarch/locket-1.0.0-pyhd8ed1ab_0.tar.bz2#91e27ef3d05cc772ce627e51cff111c4
https://conda.anaconda.org/conda-forge/win-64/lz4-4.3.3-py311h8b5e962_1.conda#8672eca07a3b500a9aa0483c43742f82
https://conda.anaconda.org/conda-forge/win-64/markupsafe-3.0.2-py311h5082efb_0.conda#84e78e335b0f9292060f1ac6d8ce0e3e
https://conda.anaconda.org/conda-forge/noarch/mpmath-1.3.0-pyhd8ed1ab_0.conda#dbf6e2d89137da32fa6670f3bffc024e
https://conda.anaconda.org/conda-forge/win-64/msgpack-python-1.1.0-py311h3257749_0.conda#36562593204b081d0da8a8bfabfb278b
https://conda.anaconda.org/conda-forge/noarch/munkres-1.1.4-pyh9f0ad1d_0.tar.bz2#2ba8498c1018c1e9c61eb99b973dfe19
https://conda.anaconda.org/conda-forge/noarch/nest-asyncio-1.6.0-pyhd8ed1ab_0.conda#6598c056f64dc8800d40add25e4e2c34
https://conda.anaconda.org/conda-forge/noarch/networkx-3.4.2-pyh267e887_2.conda#fd40bf7f7f4bc4b647dc8512053d9873
https://conda.anaconda.org/conda-forge/win-64/orc-2.0.2-h34659fe_2.conda#c37dc0499a654f4282c0a16c0d324d1b
https://conda.anaconda.org/conda-forge/noarch/packaging-24.2-pyhd8ed1ab_0.conda#c16469afe1ec91aaafcf4bea966c0465
https://conda.anaconda.org/conda-forge/noarch/platformdirs-4.3.6-pyhd8ed1ab_0.conda#fd8f2b18b65bbf62e8f653100690c8d2
https://conda.anaconda.org/conda-forge/noarch/pluggy-1.5.0-pyhd8ed1ab_0.conda#d3483c8fc2dc2cc3f5cf43e26d60cabf
https://conda.anaconda.org/conda-forge/win-64/psutil-6.1.0-py311he736701_0.conda#307267e6a028bca3382d98e06a372ebf
https://conda.anaconda.org/conda-forge/win-64/pthread-stubs-0.4-h0e40799_1002.conda#3c8f2573569bb816483e5cf57efbbe29
https://conda.anaconda.org/conda-forge/noarch/pycparser-2.22-pyhd8ed1ab_0.conda#844d9eb3b43095b031874477f7d70088
https://conda.anaconda.org/conda-forge/noarch/pygments-2.18.0-pyhd8ed1ab_0.conda#b7f5c092b8f9800150d998a71b76d5a1
https://conda.anaconda.org/conda-forge/noarch/pyparsing-3.2.0-pyhd8ed1ab_1.conda#035c17fbf099f50ff60bf2eb303b0a83
https://conda.anaconda.org/conda-forge/noarch/python-tzdata-2024.2-pyhd8ed1ab_0.conda#986287f89929b2d629bd6ef6497dc307
https://conda.anaconda.org/conda-forge/noarch/pytz-2024.1-pyhd8ed1ab_0.conda#3eeeeb9e4827ace8c0c1419c85d590ad
https://conda.anaconda.org/conda-forge/win-64/pyyaml-6.0.2-py311he736701_1.conda#d0c5f3c595039890be0c9af47d23b9ba
https://conda.anaconda.org/conda-forge/win-64/re2-2024.07.02-hd3b24a8_1.conda#b4abdc84c969587219e7e759116a3e8b
https://conda.anaconda.org/conda-forge/noarch/setuptools-75.3.0-pyhd8ed1ab_0.conda#2ce9825396daf72baabaade36cee16da
https://conda.anaconda.org/conda-forge/noarch/six-1.16.0-pyh6c4a22f_0.tar.bz2#e5f25f8dbc060e9a8d912e432202afc2
https://conda.anaconda.org/conda-forge/noarch/snowballstemmer-2.2.0-pyhd8ed1ab_0.tar.bz2#4d22a9315e78c6827f806065957d566e
https://conda.anaconda.org/conda-forge/noarch/sortedcontainers-2.4.0-pyhd8ed1ab_0.tar.bz2#6d6552722448103793743dabfbda532d
https://conda.anaconda.org/conda-forge/noarch/sphinxcontrib-jsmath-1.0.1-pyhd8ed1ab_0.conda#da1d979339e2714c30a8e806a33ec087
https://conda.anaconda.org/conda-forge/noarch/tblib-3.0.0-pyhd8ed1ab_0.conda#04eedddeb68ad39871c8127dd1c21f4f
https://conda.anaconda.org/conda-forge/noarch/tenacity-9.0.0-pyhd8ed1ab_0.conda#42af51ad3b654ece73572628ad2882ae
https://conda.anaconda.org/conda-forge/noarch/tomli-2.1.0-pyhff2d567_0.conda#3fa1089b4722df3a900135925f4519d9
https://conda.anaconda.org/conda-forge/noarch/toolz-1.0.0-pyhd8ed1ab_0.conda#34feccdd4177f2d3d53c73fc44fd9a37
https://conda.anaconda.org/conda-forge/win-64/tornado-6.4.1-py311he736701_1.conda#f361535f90629358e3ea8f2161b239f3
https://conda.anaconda.org/conda-forge/noarch/typing_extensions-4.12.2-pyha770c72_0.conda#ebe6952715e1d5eb567eeebf25250fa7
https://conda.anaconda.org/conda-forge/win-64/unicodedata2-15.1.0-py311he736701_1.conda#6230613721d6d805d0276025ee4d7b2b
https://conda.anaconda.org/conda-forge/noarch/wheel-0.45.0-pyhd8ed1ab_0.conda#f9751d7c71df27b2d29f5cab3378982e
https://conda.anaconda.org/conda-forge/noarch/win_inet_pton-1.1.0-pyh7428d3b_7.conda#c998c13b2f998af57c3b88c7a47979e0
https://conda.anaconda.org/conda-forge/win-64/xorg-libxau-1.0.11-h0e40799_1.conda#ca66d6f8fe86dd53664e8de5087ef6b1
https://conda.anaconda.org/conda-forge/win-64/xorg-libxdmcp-1.1.5-h0e40799_0.conda#8393c0f7e7870b4eb45553326f81f0ff
https://conda.anaconda.org/conda-forge/win-64/xorg-xorgproto-2024.1-h0e40799_1.conda#de202fa8beaa5f5d4a085a82913143cd
https://conda.anaconda.org/conda-forge/noarch/xyzservices-2024.9.0-pyhd8ed1ab_0.conda#156c91e778c1d4d57b709f8c5333fd06
https://conda.anaconda.org/conda-forge/noarch/zict-3.0.0-pyhd8ed1ab_0.conda#cf30c2c15b82aacb07f9c09e28ff2275
https://conda.anaconda.org/conda-forge/noarch/zipp-3.21.0-pyhd8ed1ab_0.conda#fee389bf8a4843bd7a2248ce11b7f188
https://conda.anaconda.org/conda-forge/win-64/aws-c-event-stream-0.5.0-h907c6a8_4.conda#ebd4ce777beaf3999e4156233bae3442
https://conda.anaconda.org/conda-forge/win-64/aws-c-http-0.9.0-hed6649f_5.conda#e494400049d804551ed2a1903abc81d4
https://conda.anaconda.org/conda-forge/noarch/babel-2.16.0-pyhd8ed1ab_0.conda#6d4e9ecca8d88977147e109fc7053184
https://conda.anaconda.org/conda-forge/win-64/brotli-1.1.0-h2466b09_2.conda#378f1c9421775dfe644731cb121c8979
https://conda.anaconda.org/conda-forge/win-64/cffi-1.17.1-py311he736701_0.conda#e1c69be23bd05471a6c623e91680ad59
https://conda.anaconda.org/conda-forge/noarch/click-8.1.7-win_pyh7428d3b_0.conda#3549ecbceb6cd77b91a105511b7d0786
https://conda.anaconda.org/conda-forge/noarch/commonmark-0.9.1-py_0.tar.bz2#6aa0173c14befcd577ded130cf6f22f5
https://conda.anaconda.org/conda-forge/win-64/cytoolz-1.0.0-py311he736701_1.conda#b0845b4087a24616d2fecc716397b3f6
https://conda.anaconda.org/conda-forge/win-64/fontconfig-2.15.0-h765892d_1.conda#9bb0026a2131b09404c59c4290c697cd
https://conda.anaconda.org/conda-forge/win-64/gts-0.7.6-h6b5321d_4.conda#a41f14768d5e377426ad60c613f2923b
https://conda.anaconda.org/conda-forge/noarch/h2-4.1.0-pyhd8ed1ab_0.tar.bz2#b748fbf7060927a6e82df7cb5ee8f097
https://conda.anaconda.org/conda-forge/noarch/importlib-metadata-8.5.0-pyha770c72_0.conda#54198435fce4d64d8a89af22573012a8
https://conda.anaconda.org/conda-forge/noarch/jinja2-3.1.4-pyhd8ed1ab_0.conda#7b86ecb7d3557821c649b3c31e3eb9f2
https://conda.anaconda.org/conda-forge/win-64/lcms2-2.16-h67d730c_0.conda#d3592435917b62a8becff3a60db674f6
https://conda.anaconda.org/conda-forge/win-64/libcblas-3.9.0-25_win64_mkl.conda#3ed189ba03a9888a8013aaee0d67c49d
https://conda.anaconda.org/conda-forge/win-64/libgrpc-1.67.1-h7aa3b8a_0.conda#daad5d4a1c24c1afe748afbb83377e43
https://conda.anaconda.org/conda-forge/win-64/liblapack-3.9.0-25_win64_mkl.conda#f716ef84564c574e8e74ae725f5d5f93
https://conda.anaconda.org/conda-forge/win-64/libxcb-1.17.0-h0e4246c_0.conda#a69bbf778a462da324489976c84cfc8c
https://conda.anaconda.org/conda-forge/win-64/lxml-5.3.0-py311hf779c20_2.conda#0daec383af1b02e9b8864e344e4941c4
https://conda.anaconda.org/conda-forge/win-64/openjpeg-2.5.2-h3d672ee_0.conda#7e7099ad94ac3b599808950cec30ad4e
https://conda.anaconda.org/conda-forge/noarch/partd-1.4.2-pyhd8ed1ab_0.conda#0badf9c54e24cecfb0ad2f99d680c163
https://conda.anaconda.org/conda-forge/noarch/pip-24.3.1-pyh8b19718_0.conda#5dd546fe99b44fda83963d15f84263b7
https://conda.anaconda.org/conda-forge/noarch/plotly-5.24.1-pyhd8ed1ab_0.conda#81bb643d6c3ab4cbeaf724e9d68d0a6a
https://conda.anaconda.org/conda-forge/noarch/pysocks-1.7.1-pyh0701188_6.tar.bz2#56cd9fe388baac0e90c7149cfac95b60
https://conda.anaconda.org/conda-forge/noarch/pytest-8.3.3-pyhd8ed1ab_0.conda#c03d61f31f38fdb9facf70c29958bf7a
https://conda.anaconda.org/conda-forge/noarch/python-dateutil-2.9.0-pyhd8ed1ab_0.conda#2cf4264fffb9e6eff6031c5b6884d61c
https://conda.anaconda.org/conda-forge/noarch/retrying-1.3.3-pyhd8ed1ab_3.conda#1f7482562f2082f1b2abf8a3e2a41b63
https://conda.anaconda.org/conda-forge/noarch/sympy-1.13.3-pyh04b8f61_4.conda#2a21aa47a06649f3fe2808a1ec680d67
https://conda.anaconda.org/conda-forge/noarch/typing-extensions-4.12.2-hd8ed1ab_0.conda#52d648bd608f5737b123f510bb5514b5
https://conda.anaconda.org/conda-forge/noarch/werkzeug-3.1.3-pyhff2d567_0.conda#f06be40e91eb82775b486f485c90995e
https://conda.anaconda.org/conda-forge/win-64/aws-c-auth-0.8.0-hb2b962f_7.conda#4231f7dcb3473d0392a40fb1b089dce7
https://conda.anaconda.org/conda-forge/win-64/aws-c-mqtt-0.11.0-h3a9949c_5.conda#7d5bcd8fea534701d3fbf2b7d785733c
https://conda.anaconda.org/conda-forge/win-64/cairo-1.18.0-h32b962e_3.conda#8f43723a4925c51e55c2d81725a97db4
https://conda.anaconda.org/conda-forge/noarch/flask-3.1.0-pyhff2d567_0.conda#3963487fb67f4deb3e16728ad101da7c
https://conda.anaconda.org/conda-forge/noarch/flexcache-0.3-pyhd8ed1ab_0.conda#6ed8dc449e0da09c5aaa4e71eb91059a
https://conda.anaconda.org/conda-forge/noarch/flexparser-0.4-pyhd8ed1ab_0.conda#fa7030389ca7b33bd3430dd12d25e91b
https://conda.anaconda.org/conda-forge/win-64/fonttools-4.55.0-py311h5082efb_0.conda#9c27840f1f26f6abe84d9b41ff1dcc03
https://conda.anaconda.org/conda-forge/noarch/importlib_metadata-8.5.0-hd8ed1ab_0.conda#2a92e152208121afadf85a5e1f3a5f4d
https://conda.anaconda.org/conda-forge/win-64/libgoogle-cloud-2.31.0-h07d40e7_0.conda#94320a551af951938e22e9b5dbd60b50
https://conda.anaconda.org/conda-forge/win-64/numpy-2.0.2-py311h35ffc71_0.conda#573b96ee4daa4fe59211982afc575afc
https://conda.anaconda.org/conda-forge/win-64/pillow-11.0.0-py311h4fbf6a9_0.conda#44897ebc5704d3de316af26740325513
https://conda.anaconda.org/conda-forge/win-64/xorg-libx11-1.8.10-hf48077a_0.conda#97e52b3d384cc7d3be4873bec28f050e
https://conda.anaconda.org/conda-forge/win-64/zstandard-0.23.0-py311h53056dc_1.conda#7d4c123cbb5e6293dd4dd2f8d30f0de4
https://conda.anaconda.org/conda-forge/win-64/aws-c-s3-0.7.0-h78ddd45_7.conda#3924a8a084793e1ef27aefef8d4a0bf3
https://conda.anaconda.org/conda-forge/win-64/contourpy-1.3.1-py311h3257749_0.conda#91d8504588e1b3c77e605503e5a1bc11
https://conda.anaconda.org/conda-forge/noarch/dask-core-2024.11.2-pyhd8ed1ab_0.conda#86269596fa40b5b59b1eb8187f04ca1c
https://conda.anaconda.org/conda-forge/win-64/harfbuzz-9.0.0-h2bedf89_1.conda#254f119aaed2c0be271c1114ae18d09b
https://conda.anaconda.org/conda-forge/win-64/libgoogle-cloud-storage-2.31.0-he5eb982_0.conda#5de1d1089bc7d21b2cbc7273a0c2022d
https://conda.anaconda.org/conda-forge/win-64/numba-0.60.0-py311h0673bce_0.conda#5d6eb2107dd921d651e46d059a82ab95
https://conda.anaconda.org/conda-forge/win-64/pandas-2.2.3-py311hcf9f919_1.conda#5965b8926efba14e6fde98cc8713c083
https://conda.anaconda.org/conda-forge/noarch/pint-0.24.4-pyhd8ed1ab_0.conda#cb091db43679e633dc2a4b83cdd72069
https://conda.anaconda.org/conda-forge/win-64/rapidfuzz-3.10.1-py311hda3d55a_0.conda#966b9a982a639df4c2b18d1620e5f7a9
https://conda.anaconda.org/conda-forge/win-64/scipy-1.14.1-py311hf16d85f_1.conda#b7c132408b0ee7408dcfa998ef6f7939
https://conda.anaconda.org/conda-forge/noarch/urllib3-2.2.3-pyhd8ed1ab_0.conda#6b55867f385dd762ed99ea687af32a69
https://conda.anaconda.org/conda-forge/win-64/xorg-libice-1.1.1-h0e40799_1.conda#78ef693fed85f1bf30d3a15983427c10
https://conda.anaconda.org/conda-forge/win-64/xorg-libxext-1.3.6-h0e40799_0.conda#4cd74e74f063fb6900d6eed2e9288112
https://conda.anaconda.org/conda-forge/win-64/aws-crt-cpp-0.29.3-h6fcbaa3_2.conda#988a841126c68602f7049a923833f948
https://conda.anaconda.org/conda-forge/noarch/bokeh-3.6.1-pyhd8ed1ab_0.conda#e88d74bb7b9b89d4c9764286ceb94cc9
https://conda.anaconda.org/conda-forge/noarch/distributed-2024.11.2-pyhd8ed1ab_0.conda#82613fc096ecd4a0a0f50681e0e1f994
https://conda.anaconda.org/conda-forge/win-64/levenshtein-0.26.1-py311hda3d55a_0.conda#21d1f6cf1a53bea3c0aafad6dc78c5db
https://conda.anaconda.org/conda-forge/win-64/matplotlib-base-3.9.2-py311h8f1b1e4_2.conda#f7d8036f3808253ae132500eaa8d65d9
https://conda.anaconda.org/conda-forge/win-64/pango-1.54.0-hbb871f6_2.conda#409c0b778deee649c025b7106549a24f
https://conda.anaconda.org/conda-forge/noarch/pint-pandas-0.6.2-pyhd8ed1ab_0.conda#e55b00e0140b525877b732c4ef057f48
https://conda.anaconda.org/conda-forge/noarch/requests-2.32.3-pyhd8ed1ab_0.conda#5ede4753180c7a550a443c430dc8ab52
https://conda.anaconda.org/conda-forge/win-64/xorg-libsm-1.2.4-h0e40799_1.conda#27c850e290d5d8c31336c5c5d8d43a88
https://conda.anaconda.org/conda-forge/win-64/aws-sdk-cpp-1.11.407-h9c33ea8_9.conda#ae9fa0fa1e27cf1c71537f6793b2161e
https://conda.anaconda.org/conda-forge/win-64/coolprop-6.6.0-py311hda3d55a_3.conda#8309a0f7ab6d3eab82334dc5df698f45
https://conda.anaconda.org/conda-forge/noarch/dash-2.18.1-pyhd8ed1ab_0.conda#07f061eda0489f827c821e995cd1a7a4
https://conda.anaconda.org/conda-forge/noarch/dask-jobqueue-0.9.0-pyhd8ed1ab_0.conda#a201de7d36907f2355426e019168d337
https://conda.anaconda.org/conda-forge/noarch/python-levenshtein-0.26.1-pyhff2d567_0.conda#a8692c2498b372a57836cae82ffb9045
https://conda.anaconda.org/conda-forge/win-64/xorg-libxt-1.3.0-h0e40799_2.conda#eab65f90063f9e7db3c4577e81cf42de
https://conda.anaconda.org/conda-forge/noarch/fuzzywuzzy-0.18.0-pyhd8ed1ab_0.tar.bz2#fd0e908becef4023c922f29740e9dd32
https://conda.anaconda.org/conda-forge/win-64/libarrow-18.0.0-hb02c30a_4_cpu.conda#71a0efa909f356b07ec91b7c79a5c2c3
https://conda.anaconda.org/conda-forge/win-64/xorg-libxpm-3.5.17-h0e40799_1.conda#e8b816fb37bc61aa3f1c08034331ef53
https://conda.anaconda.org/conda-forge/noarch/fluids-1.0.27-pyhff2d567_0.conda#e3289f2c9c4ac8b6270908c0fce1a1f8
https://conda.anaconda.org/conda-forge/win-64/libarrow-acero-18.0.0-hac47afa_4_cpu.conda#673e5e232da9d18ee63d9fcd8284037b
https://conda.anaconda.org/conda-forge/win-64/libgd-2.3.3-h085315d_10.conda#ac0cda3730da6013715a0d9e8e677d83
https://conda.anaconda.org/conda-forge/win-64/libparquet-18.0.0-h59f2d37_4_cpu.conda#057ab102f22c59aca12b7e4948357e9b
https://conda.anaconda.org/conda-forge/win-64/pyarrow-core-18.0.0-py311hdea38fa_1_cpu.conda#5e22f204915b905b7c2f9b0c0c55f231
https://conda.anaconda.org/conda-forge/noarch/chemicals-1.2.0-pyhd8ed1ab_0.conda#b966e7f0c7681cbf53fa48405d89167a
https://conda.anaconda.org/conda-forge/win-64/graphviz-12.0.0-hb01754f_0.conda#8074641ca215d6f30b6152d9d79f0b9e
https://conda.anaconda.org/conda-forge/win-64/libarrow-dataset-18.0.0-hac47afa_4_cpu.conda#8ad4f82005a8c335d6f9c53da6d1d699
https://conda.anaconda.org/conda-forge/win-64/libarrow-substrait-18.0.0-hcd1cebd_4_cpu.conda#163c9f1dd9ad2bf4abd7ea1eb0f214f6
https://conda.anaconda.org/conda-forge/win-64/pydot-3.0.2-py311h1ea47a8_0.conda#fb2e5fdc0f85475ac367f184132f112f
https://conda.anaconda.org/conda-forge/noarch/thermo-0.3.0-pyhd8ed1ab_0.conda#94829f47b8dae916968c658941c65315
https://conda.anaconda.org/conda-forge/win-64/pyarrow-18.0.0-py311h1ea47a8_1.conda#863a7894a5858878ae0490173538b3aa
https://conda.anaconda.org/conda-forge/noarch/dask-expr-1.1.19-pyhd8ed1ab_0.conda#09ea33eb6525cc703ce1d39c88378320
https://conda.anaconda.org/conda-forge/noarch/dask-2024.11.2-pyhd8ed1ab_0.conda#2271232349fb358aeafb6a8a7fd575a8
https://conda.anaconda.org/conda-forge/noarch/sphinx-argparse-0.5.2-pyhd8ed1ab_0.conda#b18f366aafcdc7b8790ee27c057b3957
https://conda.anaconda.org/conda-forge/noarch/sphinxcontrib-applehelp-2.0.0-pyhd8ed1ab_0.conda#9075bd8c033f0257122300db914e49c9
https://conda.anaconda.org/conda-forge/noarch/sphinxcontrib-devhelp-2.0.0-pyhd8ed1ab_0.conda#b3bcc38c471ebb738854f52a36059b48
https://conda.anaconda.org/conda-forge/noarch/sphinxcontrib-htmlhelp-2.1.0-pyhd8ed1ab_0.conda#e25640d692c02e8acfff0372f547e940
https://conda.anaconda.org/conda-forge/noarch/sphinxcontrib-jquery-4.1-pyhd8ed1ab_0.conda#914897066d5873acfb13e75705276ad1
https://conda.anaconda.org/conda-forge/noarch/sphinx_rtd_theme-3.0.1-pyha770c72_0.conda#740536f8a54250b1964e494c0bf5c9c3
https://conda.anaconda.org/conda-forge/noarch/sphinxcontrib-qthelp-2.0.0-pyhd8ed1ab_0.conda#d6e5ea5fe00164ac6c2dcc5d76a42192
https://conda.anaconda.org/conda-forge/noarch/sphinx-8.1.3-pyhd8ed1ab_0.conda#05706dd5a145a9c91861495cd435409a
https://conda.anaconda.org/conda-forge/noarch/sphinxcontrib-serializinghtml-1.1.10-pyhd8ed1ab_0.conda#e507335cb4ca9cff4c3d0fa9cdab255e
# pip ansicolors @ https://files.pythonhosted.org/packages/53/18/a56e2fe47b259bb52201093a3a9d4a32014f9d85071ad07e9d60600890ca/ansicolors-1.1.8-py2.py3-none-any.whl#sha256=00d2dde5a675579325902536738dd27e4fac1fd68f773fe36c21044eb559e187
# pip dash-core-components @ https://files.pythonhosted.org/packages/00/9e/a29f726e84e531a36d56cff187e61d8c96d2cc253c5bcef9a7695acb7e6a/dash_core_components-2.0.0-py3-none-any.whl#sha256=52b8e8cce13b18d0802ee3acbc5e888cb1248a04968f962d63d070400af2e346
# pip dash-html-components @ https://files.pythonhosted.org/packages/75/65/1b16b853844ef59b2742a7de74a598f376ac0ab581f0dcc34db294e5c90e/dash_html_components-2.0.0-py3-none-any.whl#sha256=b42cc903713c9706af03b3f2548bda4be7307a7cf89b7d6eae3da872717d1b63
# pip dash-table @ https://files.pythonhosted.org/packages/da/ce/43f77dc8e7bbad02a9f88d07bf794eaf68359df756a28bb9f2f78e255bb1/dash_table-5.0.0-py3-none-any.whl#sha256=19036fa352bb1c11baf38068ec62d172f0515f73ca3276c79dee49b95ddc16c9
# pip decorator @ https://files.pythonhosted.org/packages/d5/50/83c593b07763e1161326b3b8c6686f0f4b0f24d5526546bee538c89837d6/decorator-5.1.1-py3-none-any.whl#sha256=b8c3f85900b9dc423225913c5aace94729fe1fa9763b38939a95226f02d37186
# pip et-xmlfile @ https://files.pythonhosted.org/packages/c1/8b/5fe2cc11fee489817272089c4203e679c63b570a5aaeb18d852ae3cbba6a/et_xmlfile-2.0.0-py3-none-any.whl#sha256=7a91720bc756843502c3b7504c77b8fe44217c85c537d85037f0f536151b2caa
# pip executing @ https://files.pythonhosted.org/packages/b5/fd/afcd0496feca3276f509df3dbd5dae726fcc756f1a08d9e25abe1733f962/executing-2.1.0-py2.py3-none-any.whl#sha256=8d63781349375b5ebccc3142f4b30350c0cd9c79f921cde38be2be4637e98eaf
# pip free-properties @ https://files.pythonhosted.org/packages/76/15/9115abafa5a7e94dd7178d20067d5d1998d773c06493d2012d4d1d80ec76/free_properties-0.3.6-py3-none-any.whl#sha256=3c5ee013e6a74f46d7232824fb499428c9f40f1b4efd6cd8c34510e91d65a381
# pip numpy @ https://files.pythonhosted.org/packages/3f/6b/5610004206cf7f8e7ad91c5a85a8c71b2f2f8051a0c0c4d5916b76d6cbb2/numpy-1.26.4-cp311-cp311-win_amd64.whl#sha256=cd25bcecc4974d09257ffcd1f098ee778f7834c3ad767fe5db785be9a4aa9cb2
# pip parso @ https://files.pythonhosted.org/packages/c6/ac/dac4a63f978e4dcb3c6d3a78c4d8e0192a113d288502a1216950c41b1027/parso-0.8.4-py2.py3-none-any.whl#sha256=a418670a20291dacd2dddc80c377c5c3791378ee1e8d12bffc35420643d43f18
# pip pure-eval @ https://files.pythonhosted.org/packages/8e/37/efad0257dc6e593a18957422533ff0f87ede7c9c6ea010a2177d738fb82f/pure_eval-0.2.3-py3-none-any.whl#sha256=1db8e35b67b3d218d818ae653e27f06c3aa420901fa7b081ca98cbedc874e0d0
# pip pyglet @ https://files.pythonhosted.org/packages/2a/03/17a5cc013b9dbe531f5e64e026f7ec4143ffcd77ae055a0c07e6211cb3d6/pyglet-2.0.18-py3-none-any.whl#sha256=e592952ae0297e456c587b6486ed8c3e5f9d0c3519d517bb92dde5fdf4c26b41
# pip pyxsteam @ https://files.pythonhosted.org/packages/db/4c/814e6f7efce6a7be6e65e01a39b62d55514d8aab36f0f50f44f3cf7a7c62/pyXSteam-0.4.9-py3-none-any.whl#sha256=628e91b4be23b513704421ba701be1a93c358a19726a5a38fba150679f94cbc6
# pip traitlets @ https://files.pythonhosted.org/packages/00/c0/8f5d070730d7836adc9c9b6408dec68c6ced86b304a9b26a14df072a6e8c/traitlets-5.14.3-py3-none-any.whl#sha256=b74e89e397b1ed28cc831db7aea759ba6640cb3de13090ca145426688ff1ac4f
# pip wcwidth @ https://files.pythonhosted.org/packages/fd/84/fd2ba7aafacbad3c4201d395674fc6348826569da3c0937e75505ead3528/wcwidth-0.2.13-py2.py3-none-any.whl#sha256=3da69048e4540d84af32131829ff948f1e022c1c6bdb8d6102117aac784f6859
# pip xlrd @ https://files.pythonhosted.org/packages/a6/0c/c2a72d51fe56e08a08acc85d13013558a2d793028ae7385448a6ccdfae64/xlrd-2.0.1-py2.py3-none-any.whl#sha256=6a33ee89877bd9abc1158129f6e94be74e2679636b8a205b43b85206c3f0bbdd
# pip asttokens @ https://files.pythonhosted.org/packages/45/86/4736ac618d82a20d87d2f92ae19441ebc7ac9e7a581d7e58bbe79233b24a/asttokens-2.4.1-py2.py3-none-any.whl#sha256=051ed49c3dcae8913ea7cd08e46a606dba30b79993209636c4875bc1d637bc24
# pip colorpalette @ https://files.pythonhosted.org/packages/bf/c2/1b8de77cebbe8a825ff2e90a35238f707cb7d5e88f52b6e993686afecd9c/colorpalette-0.3.3.tar.gz#sha256=e4bb8f5b087b5719bd01e39a4df2a646db15cad9fe765234dd8ba85b47488ceb
# pip dash-cytoscape @ https://files.pythonhosted.org/packages/ea/b7/0d511af853024241dc3192bea77e4753ea606187bd2dd777a8209a5b01bb/dash_cytoscape-1.0.2.tar.gz#sha256=a61019d2184d63a2b3b5c06d056d3b867a04223a674cc3c7cf900a561a9a59aa
# pip flexsolve @ https://files.pythonhosted.org/packages/e7/0e/1c1e6ff246b8bea2718392b4045cfc8d666c53f63bb4ef9ff70373d93468/flexsolve-0.5.7.tar.gz#sha256=d5d75114928417d5ef3341a5ecf5cf35905752b718d7227a0612b140044d236a
# pip jedi @ https://files.pythonhosted.org/packages/c0/5a/9cac0c82afec3d09ccd97c8b6502d48f165f9124db81b4bcb90b4af974ee/jedi-0.19.2-py2.py3-none-any.whl#sha256=a8ef22bde8490f57fe5c7681a3c83cb58874daf72b4784de3cce5b6ef6edb5b9
# pip matplotlib-inline @ https://files.pythonhosted.org/packages/8f/8e/9ad090d3553c280a8060fbf6e24dc1c0c29704ee7d1c372f0c174aa59285/matplotlib_inline-0.1.7-py3-none-any.whl#sha256=df192d39a4ff8f21b1895d72e6a13f5fcc5099f00fa84384e0ea28c2cc0653ca
# pip openpyxl @ https://files.pythonhosted.org/packages/c0/da/977ded879c29cbd04de313843e76868e6e13408a94ed6b987245dc7c8506/openpyxl-3.1.5-py2.py3-none-any.whl#sha256=5282c12b107bffeef825f4617dc029afaf41d0ea60823bbb665ef3079dc79de2
# pip prompt-toolkit @ https://files.pythonhosted.org/packages/a9/6a/fd08d94654f7e67c52ca30523a178b3f8ccc4237fce4be90d39c938a831a/prompt_toolkit-3.0.48-py3-none-any.whl#sha256=f49a827f90062e411f1ce1f854f2aedb3c23353244f8108b89283587397ac10e
# pip werkzeug @ https://files.pythonhosted.org/packages/6c/69/05837f91dfe42109203ffa3e488214ff86a6d68b2ed6c167da6cdc42349b/werkzeug-3.0.6-py3-none-any.whl#sha256=1bc0c2310d2fbb07b1dd1105eba2f7af72f322e1e455f2f93c993bee8c8a5f17
# pip flask @ https://files.pythonhosted.org/packages/61/80/ffe1da13ad9300f87c93af113edd0638c75138c42a0994becfacac078c06/flask-3.0.3-py3-none-any.whl#sha256=34e815dfaa43340d1d15a5c3a02b8476004037eb4840b34910c6e21679d288f3
# pip stack-data @ https://files.pythonhosted.org/packages/f1/7b/ce1eafaf1a76852e2ec9b22edecf1daa58175c090266e9f6c64afcd81d91/stack_data-0.6.3-py3-none-any.whl#sha256=d5558e0c25a4cb0853cddad3d77da9891a08cb85dd9f9f91b9f8cd66e511e695
# pip ipython @ https://files.pythonhosted.org/packages/c5/a5/c15ed187f1b3fac445bb42a2dedd8dec1eee1718b35129242049a13a962f/ipython-8.29.0-py3-none-any.whl#sha256=0188a1bd83267192123ccea7f4a8ed0a78910535dbaa3f37671dca76ebd429c8
# pip thermosteam @ https://files.pythonhosted.org/packages/ce/9e/c243c28473d1b84aeadbed0f2d8019e2ddf17ba270104946326e8f8fec74/thermosteam-0.46.0.tar.gz#sha256=585bf223654a376930daba303e5687c152c7ff46ee611ef91f9ee5541b51692e
