# Generated by conda-lock.
# platform: osx-arm64
# input_hash: a731b3dec353c846d6509aa500191aefc4dccf82d64ed55aa17f84892323555f
@EXPLICIT
https://conda.anaconda.org/conda-forge/osx-arm64/ca-certificates-2024.8.30-hf0a4a13_0.conda#40dec13fd8348dbe303e57be74bd3d35
https://conda.anaconda.org/conda-forge/noarch/font-ttf-dejavu-sans-mono-2.37-hab24e00_0.tar.bz2#0c96522c6bdaed4b1566d11387caaf45
https://conda.anaconda.org/conda-forge/noarch/font-ttf-inconsolata-3.000-h77eed37_0.tar.bz2#34893075a5c9e55cdafac56607368fc6
https://conda.anaconda.org/conda-forge/noarch/font-ttf-source-code-pro-2.038-h77eed37_0.tar.bz2#4d59c254e01d9cde7957100457e2d5fb
https://conda.anaconda.org/conda-forge/noarch/font-ttf-ubuntu-0.83-h77eed37_3.conda#49023d73832ef61042f6a237cb2687e7
https://conda.anaconda.org/conda-forge/osx-arm64/fribidi-1.0.10-h27ca646_0.tar.bz2#c64443234ff91d70cb9c7dc926c58834
https://conda.anaconda.org/conda-forge/osx-arm64/libev-4.33-h93a5062_2.conda#36d33e440c31857372a72137f78bacf5
https://conda.anaconda.org/conda-forge/osx-arm64/libffi-3.4.2-h3422bc3_5.tar.bz2#086914b672be056eb70fd4285b6783b6
https://conda.anaconda.org/conda-forge/osx-arm64/libiconv-1.17-h0d3ecfb_2.conda#69bda57310071cf6d2b86caf11573d2d
https://conda.anaconda.org/conda-forge/osx-arm64/libjpeg-turbo-3.0.0-hb547adb_1.conda#3ff1e053dc3a2b8e36b9bfa4256a58d1
https://conda.anaconda.org/conda-forge/osx-arm64/libutf8proc-2.8.0-h1a8c8d9_0.tar.bz2#f8c9c41a122ab3abdf8943b13f4957ee
https://conda.anaconda.org/conda-forge/osx-arm64/libwebp-base-1.4.0-h93a5062_0.conda#c0af0edfebe780b19940e94871f1a765
https://conda.anaconda.org/conda-forge/osx-arm64/python_abi-3.11-5_cp311.conda#3b855e3734344134cb56c410f729c340
https://conda.anaconda.org/conda-forge/noarch/tzdata-2024b-hc8b5060_0.conda#8ac3367aafb1cc0a068483c580af8015
https://conda.anaconda.org/conda-forge/osx-arm64/xz-5.2.6-h57fd34a_0.tar.bz2#39c6b54e94014701dd157f4f576ed211
https://conda.anaconda.org/conda-forge/osx-arm64/yaml-0.2.5-h3422bc3_2.tar.bz2#4bb3f014845110883a3c5ee811fd84b4
https://conda.anaconda.org/conda-forge/osx-arm64/aws-c-common-0.10.0-h7ab814d_0.conda#d4a98098dac19b54459855c1eb4a689a
https://conda.anaconda.org/conda-forge/osx-arm64/bzip2-1.0.8-h99b78c6_7.conda#fc6948412dbbbe9a4c9ddbbcfe0a79ab
https://conda.anaconda.org/conda-forge/osx-arm64/c-ares-1.34.3-h5505292_0.conda#d0155a4f41f28628c7409ea000eeb19c
https://conda.anaconda.org/conda-forge/noarch/fonts-conda-forge-1-0.tar.bz2#f766549260d6815b0c52253f1fb1bb29
https://conda.anaconda.org/conda-forge/osx-arm64/icu-75.1-hfee45f7_0.conda#5eb22c1d7b3fc4abb50d92d621583137
https://conda.anaconda.org/conda-forge/osx-arm64/libbrotlicommon-1.1.0-hd74edd7_2.conda#d0bf1dff146b799b319ea0434b93f779
https://conda.anaconda.org/conda-forge/osx-arm64/libcxx-19.1.3-ha82da77_0.conda#bf691071fba4734984231617783225bc
https://conda.anaconda.org/conda-forge/osx-arm64/libdeflate-1.22-hd74edd7_0.conda#2d3e3f3d8ab315748420ef58d5a3ae0f
https://conda.anaconda.org/conda-forge/osx-arm64/libexpat-2.6.4-h286801f_0.conda#38d2656dd914feb0cab8c629370768bf
https://conda.anaconda.org/conda-forge/osx-arm64/libintl-0.22.5-h8414b35_3.conda#3b98ec32e91b3b59ad53dbb9c96dd334
https://conda.anaconda.org/conda-forge/osx-arm64/libzlib-1.3.1-h8359307_2.conda#369964e85dc26bfe78f41399b366c435
https://conda.anaconda.org/conda-forge/osx-arm64/llvm-openmp-19.1.3-hb52a8e5_0.conda#dd695d23e78d1ca4fecce969b1e1db61
https://conda.anaconda.org/conda-forge/osx-arm64/ncurses-6.5-h7bae524_1.conda#cb2b0ea909b97b3d70cd3921d1445e1a
https://conda.anaconda.org/conda-forge/osx-arm64/openssl-3.4.0-h39f12f2_0.conda#df307bbc703324722df0293c9ca2e418
https://conda.anaconda.org/conda-forge/osx-arm64/pthread-stubs-0.4-hd74edd7_1002.conda#415816daf82e0b23a736a069a75e9da7
https://conda.anaconda.org/conda-forge/osx-arm64/xorg-libxau-1.0.11-hd74edd7_1.conda#7e0125f8fb619620a0011dc9297e2493
https://conda.anaconda.org/conda-forge/osx-arm64/xorg-libxdmcp-1.1.5-hd74edd7_0.conda#77c447f48cab5d3a15ac224edb86a968
https://conda.anaconda.org/conda-forge/osx-arm64/aws-c-cal-0.8.0-h8a8b6a7_1.conda#107fcd20e67df3945a34129098f3da4a
https://conda.anaconda.org/conda-forge/osx-arm64/aws-c-compression-0.3.0-h8a8b6a7_1.conda#e3306612c4561cbea6d0216b3dd85338
https://conda.anaconda.org/conda-forge/osx-arm64/aws-c-sdkutils-0.2.1-h0b63f77_0.conda#c399890eb4c3c3fb1b4b4838cd7d7208
https://conda.anaconda.org/conda-forge/osx-arm64/aws-checksums-0.2.0-h8a8b6a7_1.conda#d9db2bb8ced62ee3d6bfc32b46c5af1f
https://conda.anaconda.org/conda-forge/noarch/fonts-conda-ecosystem-1-0.tar.bz2#fee5683a3f04bd15cbd8318b096a27ab
https://conda.anaconda.org/conda-forge/osx-arm64/gflags-2.2.2-hf9b8971_1005.conda#57a511a5905caa37540eb914dfcbf1fb
https://conda.anaconda.org/conda-forge/osx-arm64/gmp-6.3.0-h7bae524_2.conda#eed7278dfbab727b56f2c0b64330814b
https://conda.anaconda.org/conda-forge/osx-arm64/graphite2-1.3.13-hebf3989_1003.conda#339991336eeddb70076d8ca826dac625
https://conda.anaconda.org/conda-forge/osx-arm64/lerc-4.0.0-h9a09cb3_0.tar.bz2#de462d5aacda3b30721b512c5da4e742
https://conda.anaconda.org/conda-forge/osx-arm64/libabseil-20240722.0-cxx17_hf9b8971_1.conda#706da5e791c569a7b9814877098a6a0a
https://conda.anaconda.org/conda-forge/osx-arm64/libbrotlidec-1.1.0-hd74edd7_2.conda#55e66e68ce55523a6811633dd1ac74e2
https://conda.anaconda.org/conda-forge/osx-arm64/libbrotlienc-1.1.0-hd74edd7_2.conda#4f3a434504c67b2c42565c0b85c1885c
https://conda.anaconda.org/conda-forge/osx-arm64/libcrc32c-1.1.2-hbdafb3b_0.tar.bz2#32bd82a6a625ea6ce090a81c3d34edeb
https://conda.anaconda.org/conda-forge/osx-arm64/libedit-3.1.20191231-hc8eb9b7_2.tar.bz2#30e4362988a2623e9eb34337b83e01f9
https://conda.anaconda.org/conda-forge/osx-arm64/libevent-2.1.12-h2757513_1.conda#1a109764bff3bdc7bdd84088347d71dc
https://conda.anaconda.org/conda-forge/osx-arm64/libgfortran5-13.2.0-hf226fd6_3.conda#66ac81d54e95c534ae488726c1f698ea
https://conda.anaconda.org/conda-forge/osx-arm64/libllvm14-14.0.6-hd1a9a77_4.conda#9f3dce5d26ea56a9000cd74c034582bd
https://conda.anaconda.org/conda-forge/osx-arm64/libnghttp2-1.64.0-h6d7220d_0.conda#3408c02539cee5f1141f9f11450b6a51
https://conda.anaconda.org/conda-forge/osx-arm64/libpng-1.6.44-hc14010f_0.conda#fb36e93f0ea6a6f5d2b99984f34b049e
https://conda.anaconda.org/conda-forge/osx-arm64/libsqlite-3.47.0-hbaaea75_1.conda#07a14fbe439eef078cc479deca321161
https://conda.anaconda.org/conda-forge/osx-arm64/libssh2-1.11.0-h7a5bd25_0.conda#029f7dc931a3b626b94823bc77830b01
https://conda.anaconda.org/conda-forge/osx-arm64/libxcb-1.17.0-hdb1d25a_0.conda#af523aae2eca6dfa1c8eec693f5b9a79
https://conda.anaconda.org/conda-forge/osx-arm64/libxml2-2.13.5-hbbdcc80_0.conda#967d4a9dadd710415ee008d862a07c99
https://conda.anaconda.org/conda-forge/osx-arm64/lz4-c-1.9.4-hb7217d7_0.conda#45505bec548634f7d05e02fb25262cb9
https://conda.anaconda.org/conda-forge/osx-arm64/pcre2-10.44-h297a79d_2.conda#147c83e5e44780c7492998acbacddf52
https://conda.anaconda.org/conda-forge/osx-arm64/pixman-0.43.4-hebf3989_0.conda#0308c68e711cd295aaa026a4f8c4b1e5
https://conda.anaconda.org/conda-forge/osx-arm64/qhull-2020.2-h420ef59_5.conda#6483b1f59526e05d7d894e466b5b6924
https://conda.anaconda.org/conda-forge/osx-arm64/readline-8.2-h92ec313_1.conda#8cbb776a2f641b943d413b3e19df71f4
https://conda.anaconda.org/conda-forge/osx-arm64/snappy-1.2.1-hd02b534_0.conda#69d0f9694f3294418ee935da3d5f7272
https://conda.anaconda.org/conda-forge/osx-arm64/tk-8.6.13-h5083fa2_1.conda#b50a57ba89c32b62428b71a875291c9b
https://conda.anaconda.org/conda-forge/osx-arm64/zlib-1.3.1-h8359307_2.conda#e3170d898ca6cb48f1bb567afb92f775
https://conda.anaconda.org/conda-forge/osx-arm64/zstd-1.5.6-hb46c0d2_0.conda#d96942c06c3e84bfcc5efb038724a7fd
https://conda.anaconda.org/conda-forge/osx-arm64/aws-c-io-0.15.1-hb495e35_1.conda#d6d283e3ba890b8386b54ca8f571f616
https://conda.anaconda.org/conda-forge/osx-arm64/brotli-bin-1.1.0-hd74edd7_2.conda#b8512db2145dc3ae8d86cdc21a8d421e
https://conda.anaconda.org/conda-forge/osx-arm64/freetype-2.12.1-hadb7bae_2.conda#e6085e516a3e304ce41a8ee08b9b89ad
https://conda.anaconda.org/conda-forge/osx-arm64/glog-0.7.1-heb240a5_0.conda#fef68d0a95aa5b84b5c1a4f6f3bf40e1
https://conda.anaconda.org/conda-forge/osx-arm64/krb5-1.21.3-h237132a_0.conda#c6dc8a0fdec13a0565936655c33069a1
https://conda.anaconda.org/conda-forge/osx-arm64/libgfortran-5.0.0-13_2_0_hd922786_3.conda#4a55d9e169114b2b90d3ec4604cd7bbf
https://conda.anaconda.org/conda-forge/osx-arm64/libglib-2.82.2-h07bd6cf_0.conda#890783f64502fa6bfcdc723cfbf581b4
https://conda.anaconda.org/conda-forge/osx-arm64/libprotobuf-5.28.2-h8f0b736_0.conda#d2cb5991f2fb8eb079c80084435e9ce6
https://conda.anaconda.org/conda-forge/osx-arm64/libre2-11-2024.07.02-h2348fd5_1.conda#5a7065309a66097738be6a06fd04b7ef
https://conda.anaconda.org/conda-forge/osx-arm64/libthrift-0.21.0-h64651cc_0.conda#7ce2bd2f650f8c31ad7ba4c7bfea61b7
https://conda.anaconda.org/conda-forge/osx-arm64/libtiff-4.7.0-hfce79cd_1.conda#b9abf45f7c64caf3303725f1aa0e9a4d
https://conda.anaconda.org/conda-forge/osx-arm64/libxslt-1.1.39-h223e5b9_0.conda#560c9cacc33e927f55b998eaa0cb1732
https://conda.anaconda.org/conda-forge/osx-arm64/mpfr-4.2.1-hb693164_3.conda#4e4ea852d54cc2b869842de5044662fb
https://conda.anaconda.org/conda-forge/osx-arm64/python-3.11.10-hc51fdd5_3_cpython.conda#2a47a0061d7d3030e45b66d23f01d101
https://conda.anaconda.org/conda-forge/noarch/alabaster-1.0.0-pyhd8ed1ab_0.conda#7d78a232029458d0077ede6cda30ed0c
https://conda.anaconda.org/conda-forge/osx-arm64/atk-1.0-2.38.0-hd03087b_2.conda#57301986d02d30d6805fdce6c99074ee
https://conda.anaconda.org/conda-forge/osx-arm64/aws-c-event-stream-0.5.0-h53a7d5e_4.conda#ee6ab18e57b915a8680bbbc583c04f0b
https://conda.anaconda.org/conda-forge/osx-arm64/aws-c-http-0.9.0-h007639a_5.conda#e8be780c203c54a620f70dd2b15263ce
https://conda.anaconda.org/conda-forge/noarch/blinker-1.9.0-pyhff2d567_0.conda#42834439227a4551b939beeeb8a4b085
https://conda.anaconda.org/conda-forge/osx-arm64/brotli-1.1.0-hd74edd7_2.conda#215e3dc8f2f837906d066e7f01aa77c0
https://conda.anaconda.org/conda-forge/osx-arm64/brotli-python-1.1.0-py311h3f08180_2.conda#c8793a23206344faa25f4e0b5d0e7908
https://conda.anaconda.org/conda-forge/noarch/certifi-2024.8.30-pyhd8ed1ab_0.conda#12f7d00853807b0531775e9be891cb11
https://conda.anaconda.org/conda-forge/noarch/charset-normalizer-3.4.0-pyhd8ed1ab_0.conda#a374efa97290b8799046df7c5ca17164
https://conda.anaconda.org/conda-forge/noarch/click-8.1.7-unix_pyh707e725_0.conda#f3ad426304898027fc619827ff428eca
https://conda.anaconda.org/conda-forge/noarch/cloudpickle-3.1.0-pyhd8ed1ab_1.conda#c88ca2bb7099167912e3b26463fff079
https://conda.anaconda.org/conda-forge/noarch/colorama-0.4.6-pyhd8ed1ab_0.tar.bz2#3faab06a954c2a04039983f2c4a50d99
https://conda.anaconda.org/conda-forge/noarch/cpython-3.11.10-py311hd8ed1ab_3.conda#b6d1a583921c24bb45feef32262b10aa
https://conda.anaconda.org/conda-forge/noarch/cycler-0.12.1-pyhd8ed1ab_0.conda#5cd86562580f274031ede6aa6aa24441
https://conda.anaconda.org/conda-forge/noarch/docutils-0.21.2-pyhd8ed1ab_0.conda#e8cd5d629f65bdf0f3bb312cde14659e
https://conda.anaconda.org/conda-forge/noarch/exceptiongroup-1.2.2-pyhd8ed1ab_0.conda#d02ae936e42063ca46af6cdad2dbd1e0
https://conda.anaconda.org/conda-forge/osx-arm64/fontconfig-2.15.0-h1383a14_1.conda#7b29f48742cea5d1ccb5edd839cb5621
https://conda.anaconda.org/conda-forge/noarch/fsspec-2024.10.0-pyhff2d567_0.conda#816dbc4679a64e4417cd1385d661bb31
https://conda.anaconda.org/conda-forge/noarch/future-1.0.0-pyhd8ed1ab_0.conda#650a7807e689642dddd3590eb817beed
https://conda.anaconda.org/conda-forge/osx-arm64/gdk-pixbuf-2.42.12-h7ddc832_0.conda#151309a7e1eb57a3c2ab8088a1d74f3e
https://conda.anaconda.org/conda-forge/osx-arm64/gts-0.7.6-he42f4ea_4.conda#21b4dd3098f63a74cf2aa9159cbef57d
https://conda.anaconda.org/conda-forge/noarch/hpack-4.0.0-pyh9f0ad1d_0.tar.bz2#914d6646c4dbb1fd3ff539830a12fd71
https://conda.anaconda.org/conda-forge/noarch/hyperframe-6.0.1-pyhd8ed1ab_0.tar.bz2#9f765cbfab6870c8435b9eefecd7a1f4
https://conda.anaconda.org/conda-forge/noarch/idna-3.10-pyhd8ed1ab_0.conda#7ba2ede0e7c795ff95088daf0dc59753
https://conda.anaconda.org/conda-forge/noarch/imagesize-1.4.1-pyhd8ed1ab_0.tar.bz2#7de5386c8fea29e76b303f37dde4c352
https://conda.anaconda.org/conda-forge/noarch/iniconfig-2.0.0-pyhd8ed1ab_0.conda#f800d2da156d08e289b14e87e43c1ae5
https://conda.anaconda.org/conda-forge/noarch/itsdangerous-2.2.0-pyhd8ed1ab_0.conda#ff7ca04134ee8dde1d7cf491a78ef7c7
https://conda.anaconda.org/conda-forge/osx-arm64/kiwisolver-1.4.7-py311h2c37856_0.conda#ee572d19da1346db8e78cb8e7d5d2330
https://conda.anaconda.org/conda-forge/osx-arm64/lcms2-2.16-ha0e7c42_0.conda#66f6c134e76fe13cce8a9ea5814b5dd5
https://conda.anaconda.org/conda-forge/osx-arm64/libcurl-8.10.1-h13a7ad3_0.conda#d84030d0863ffe7dea00b9a807fee961
https://conda.anaconda.org/conda-forge/osx-arm64/libopenblas-0.3.28-openmp_hf332438_1.conda#40803a48d947c8639da6704e9a44d3ce
https://conda.anaconda.org/conda-forge/osx-arm64/llvmlite-0.43.0-py311hc367efa_1.conda#d14048893b6cc8aec00b4e0e6eb78de2
https://conda.anaconda.org/conda-forge/noarch/locket-1.0.0-pyhd8ed1ab_0.tar.bz2#91e27ef3d05cc772ce627e51cff111c4
https://conda.anaconda.org/conda-forge/osx-arm64/lxml-5.3.0-py311h96511b9_2.conda#72b96a397d1c5fa7e8b062a6dd3e77fa
https://conda.anaconda.org/conda-forge/osx-arm64/lz4-4.3.3-py311hebe0b09_1.conda#74df239a2926df48e2543bb6754baf61
https://conda.anaconda.org/conda-forge/osx-arm64/markupsafe-3.0.2-py311h56c23cb_0.conda#be48a4cc178a91af3b1ccd58c14efde2
https://conda.anaconda.org/conda-forge/osx-arm64/mpc-1.3.1-h8f1351a_1.conda#a5635df796b71f6ca400fc7026f50701
https://conda.anaconda.org/conda-forge/noarch/mpmath-1.3.0-pyhd8ed1ab_0.conda#dbf6e2d89137da32fa6670f3bffc024e
https://conda.anaconda.org/conda-forge/osx-arm64/msgpack-python-1.1.0-py311h2c37856_0.conda#6c826762702474fb0def6cedd2db5316
https://conda.anaconda.org/conda-forge/noarch/munkres-1.1.4-pyh9f0ad1d_0.tar.bz2#2ba8498c1018c1e9c61eb99b973dfe19
https://conda.anaconda.org/conda-forge/noarch/nest-asyncio-1.6.0-pyhd8ed1ab_0.conda#6598c056f64dc8800d40add25e4e2c34
https://conda.anaconda.org/conda-forge/noarch/networkx-3.4.2-pyh267e887_2.conda#fd40bf7f7f4bc4b647dc8512053d9873
https://conda.anaconda.org/conda-forge/osx-arm64/openjpeg-2.5.2-h9f1df11_0.conda#5029846003f0bc14414b9128a1f7c84b
https://conda.anaconda.org/conda-forge/osx-arm64/orc-2.0.2-hcb3c8b3_2.conda#3d2c62c12889872216f673c452d23186
https://conda.anaconda.org/conda-forge/noarch/packaging-24.2-pyhd8ed1ab_0.conda#c16469afe1ec91aaafcf4bea966c0465
https://conda.anaconda.org/conda-forge/noarch/platformdirs-4.3.6-pyhd8ed1ab_0.conda#fd8f2b18b65bbf62e8f653100690c8d2
https://conda.anaconda.org/conda-forge/noarch/pluggy-1.5.0-pyhd8ed1ab_0.conda#d3483c8fc2dc2cc3f5cf43e26d60cabf
https://conda.anaconda.org/conda-forge/osx-arm64/psutil-6.1.0-py311hae2e1ce_0.conda#e226eba0c52ecd6786e73c8ad7f41e79
https://conda.anaconda.org/conda-forge/noarch/pycparser-2.22-pyhd8ed1ab_0.conda#844d9eb3b43095b031874477f7d70088
https://conda.anaconda.org/conda-forge/noarch/pygments-2.18.0-pyhd8ed1ab_0.conda#b7f5c092b8f9800150d998a71b76d5a1
https://conda.anaconda.org/conda-forge/noarch/pyparsing-3.2.0-pyhd8ed1ab_1.conda#035c17fbf099f50ff60bf2eb303b0a83
https://conda.anaconda.org/conda-forge/noarch/pysocks-1.7.1-pyha2e5f31_6.tar.bz2#2a7de29fb590ca14b5243c4c812c8025
https://conda.anaconda.org/conda-forge/noarch/python-tzdata-2024.2-pyhd8ed1ab_0.conda#986287f89929b2d629bd6ef6497dc307
https://conda.anaconda.org/conda-forge/noarch/pytz-2024.1-pyhd8ed1ab_0.conda#3eeeeb9e4827ace8c0c1419c85d590ad
https://conda.anaconda.org/conda-forge/osx-arm64/pyyaml-6.0.2-py311h460d6c5_1.conda#d32590e7bd388f18b036c6fc402a0cb1
https://conda.anaconda.org/conda-forge/osx-arm64/re2-2024.07.02-hcd0e937_1.conda#19e29f2ccc9168eb0a39dc40c04c0e21
https://conda.anaconda.org/conda-forge/noarch/setuptools-75.3.0-pyhd8ed1ab_0.conda#2ce9825396daf72baabaade36cee16da
https://conda.anaconda.org/conda-forge/noarch/six-1.16.0-pyh6c4a22f_0.tar.bz2#e5f25f8dbc060e9a8d912e432202afc2
https://conda.anaconda.org/conda-forge/noarch/snowballstemmer-2.2.0-pyhd8ed1ab_0.tar.bz2#4d22a9315e78c6827f806065957d566e
https://conda.anaconda.org/conda-forge/noarch/sortedcontainers-2.4.0-pyhd8ed1ab_0.tar.bz2#6d6552722448103793743dabfbda532d
https://conda.anaconda.org/conda-forge/noarch/sphinxcontrib-jsmath-1.0.1-pyhd8ed1ab_0.conda#da1d979339e2714c30a8e806a33ec087
https://conda.anaconda.org/conda-forge/noarch/tblib-3.0.0-pyhd8ed1ab_0.conda#04eedddeb68ad39871c8127dd1c21f4f
https://conda.anaconda.org/conda-forge/noarch/tenacity-9.0.0-pyhd8ed1ab_0.conda#42af51ad3b654ece73572628ad2882ae
https://conda.anaconda.org/conda-forge/noarch/tomli-2.1.0-pyhff2d567_0.conda#3fa1089b4722df3a900135925f4519d9
https://conda.anaconda.org/conda-forge/noarch/toolz-1.0.0-pyhd8ed1ab_0.conda#34feccdd4177f2d3d53c73fc44fd9a37
https://conda.anaconda.org/conda-forge/osx-arm64/tornado-6.4.1-py311h460d6c5_1.conda#8ba6d177509dc4fac7af09749556eed0
https://conda.anaconda.org/conda-forge/noarch/typing_extensions-4.12.2-pyha770c72_0.conda#ebe6952715e1d5eb567eeebf25250fa7
https://conda.anaconda.org/conda-forge/osx-arm64/unicodedata2-15.1.0-py311hae2e1ce_1.conda#ade7687026adce6296650b21e7463758
https://conda.anaconda.org/conda-forge/noarch/wheel-0.45.0-pyhd8ed1ab_0.conda#f9751d7c71df27b2d29f5cab3378982e
https://conda.anaconda.org/conda-forge/noarch/xyzservices-2024.9.0-pyhd8ed1ab_0.conda#156c91e778c1d4d57b709f8c5333fd06
https://conda.anaconda.org/conda-forge/noarch/zict-3.0.0-pyhd8ed1ab_0.conda#cf30c2c15b82aacb07f9c09e28ff2275
https://conda.anaconda.org/conda-forge/noarch/zipp-3.21.0-pyhd8ed1ab_0.conda#fee389bf8a4843bd7a2248ce11b7f188
https://conda.anaconda.org/conda-forge/osx-arm64/aws-c-auth-0.8.0-h6935006_7.conda#c1181b45af5bb8867ee9edf2e85ecc91
https://conda.anaconda.org/conda-forge/osx-arm64/aws-c-mqtt-0.11.0-h6850007_5.conda#bec16e1070d9ebfc27bde490c68fe9d9
https://conda.anaconda.org/conda-forge/osx-arm64/azure-core-cpp-1.14.0-hd50102c_0.conda#f093a11dcf3cdcca010b20a818fcc6dc
https://conda.anaconda.org/conda-forge/noarch/babel-2.16.0-pyhd8ed1ab_0.conda#6d4e9ecca8d88977147e109fc7053184
https://conda.anaconda.org/conda-forge/osx-arm64/cairo-1.18.0-hb4a6bf7_3.conda#08bd0752f3de8a2d8a35fd012f09531f
https://conda.anaconda.org/conda-forge/osx-arm64/cffi-1.17.1-py311h3a79f62_0.conda#a42272c5dbb6ffbc1a5af70f24c7b448
https://conda.anaconda.org/conda-forge/noarch/commonmark-0.9.1-py_0.tar.bz2#6aa0173c14befcd577ded130cf6f22f5
https://conda.anaconda.org/conda-forge/osx-arm64/cytoolz-1.0.0-py311h460d6c5_1.conda#72740cbbba07d1fb0f37448e1e1c7ef9
https://conda.anaconda.org/conda-forge/osx-arm64/fonttools-4.55.0-py311h4921393_0.conda#9dbec219c6180471bada3b40199f2239
https://conda.anaconda.org/conda-forge/osx-arm64/gmpy2-2.1.5-py311hb5ce3a2_2.conda#4140e387d4190f195091169a57da2ded
https://conda.anaconda.org/conda-forge/noarch/h2-4.1.0-pyhd8ed1ab_0.tar.bz2#b748fbf7060927a6e82df7cb5ee8f097
https://conda.anaconda.org/conda-forge/noarch/importlib-metadata-8.5.0-pyha770c72_0.conda#54198435fce4d64d8a89af22573012a8
https://conda.anaconda.org/conda-forge/noarch/jinja2-3.1.4-pyhd8ed1ab_0.conda#7b86ecb7d3557821c649b3c31e3eb9f2
https://conda.anaconda.org/conda-forge/osx-arm64/libblas-3.9.0-25_osxarm64_openblas.conda#f8cf4d920ff36ce471619010eff59cac
https://conda.anaconda.org/conda-forge/osx-arm64/libgd-2.3.3-hac1b3a8_10.conda#c9e450ce5ced76f107c494fbd37325f5
https://conda.anaconda.org/conda-forge/osx-arm64/libgrpc-1.67.1-hc70892a_0.conda#624e27571fde34f8acc2afec840ac435
https://conda.anaconda.org/conda-forge/noarch/partd-1.4.2-pyhd8ed1ab_0.conda#0badf9c54e24cecfb0ad2f99d680c163
https://conda.anaconda.org/conda-forge/osx-arm64/pillow-11.0.0-py311h3894ae9_0.conda#a9a4adae1c4178f50ac3d1fd5d64bb85
https://conda.anaconda.org/conda-forge/noarch/pip-24.3.1-pyh8b19718_0.conda#5dd546fe99b44fda83963d15f84263b7
https://conda.anaconda.org/conda-forge/noarch/plotly-5.24.1-pyhd8ed1ab_0.conda#81bb643d6c3ab4cbeaf724e9d68d0a6a
https://conda.anaconda.org/conda-forge/noarch/pytest-8.3.3-pyhd8ed1ab_0.conda#c03d61f31f38fdb9facf70c29958bf7a
https://conda.anaconda.org/conda-forge/noarch/python-dateutil-2.9.0-pyhd8ed1ab_0.conda#2cf4264fffb9e6eff6031c5b6884d61c
https://conda.anaconda.org/conda-forge/noarch/retrying-1.3.3-pyhd8ed1ab_3.conda#1f7482562f2082f1b2abf8a3e2a41b63
https://conda.anaconda.org/conda-forge/noarch/typing-extensions-4.12.2-hd8ed1ab_0.conda#52d648bd608f5737b123f510bb5514b5
https://conda.anaconda.org/conda-forge/noarch/werkzeug-3.1.3-pyhff2d567_0.conda#f06be40e91eb82775b486f485c90995e
https://conda.anaconda.org/conda-forge/osx-arm64/aws-c-s3-0.7.0-h2bee52d_7.conda#651d54a474bf4663cd4acbb9c63ba261
https://conda.anaconda.org/conda-forge/osx-arm64/azure-identity-cpp-1.10.0-hc602bab_0.conda#d7b71593a937459f2d4b67e1a4727dc2
https://conda.anaconda.org/conda-forge/osx-arm64/azure-storage-common-cpp-12.8.0-h9ca1f76_1.conda#7a187cd7b1445afc80253bb186a607cc
https://conda.anaconda.org/conda-forge/noarch/flask-3.1.0-pyhff2d567_0.conda#3963487fb67f4deb3e16728ad101da7c
https://conda.anaconda.org/conda-forge/noarch/flexcache-0.3-pyhd8ed1ab_0.conda#6ed8dc449e0da09c5aaa4e71eb91059a
https://conda.anaconda.org/conda-forge/noarch/flexparser-0.4-pyhd8ed1ab_0.conda#fa7030389ca7b33bd3430dd12d25e91b
https://conda.anaconda.org/conda-forge/osx-arm64/harfbuzz-9.0.0-h997cde5_1.conda#50f6825d3c4a6fca6fefdefa98081554
https://conda.anaconda.org/conda-forge/noarch/importlib_metadata-8.5.0-hd8ed1ab_0.conda#2a92e152208121afadf85a5e1f3a5f4d
https://conda.anaconda.org/conda-forge/osx-arm64/libcblas-3.9.0-25_osxarm64_openblas.conda#4df0fae81f0b5bf47d48c882b086da11
https://conda.anaconda.org/conda-forge/osx-arm64/libgoogle-cloud-2.31.0-h8d8be31_0.conda#a338736f1514e6f999db8726fe0965b1
https://conda.anaconda.org/conda-forge/osx-arm64/liblapack-3.9.0-25_osxarm64_openblas.conda#19bbddfec972d401838330453186108d
https://conda.anaconda.org/conda-forge/noarch/sympy-1.13.3-pyh2585a3b_104.conda#68085d736d2b2f54498832b65059875d
https://conda.anaconda.org/conda-forge/osx-arm64/zstandard-0.23.0-py311ha60cc69_1.conda#29d320d6450b2948740a9be3761b2e9d
https://conda.anaconda.org/conda-forge/osx-arm64/aws-crt-cpp-0.29.3-h7abc90e_2.conda#38a65640b8885238fb6155718d7c52b0
https://conda.anaconda.org/conda-forge/osx-arm64/azure-storage-blobs-cpp-12.13.0-h7585a09_1.conda#704238ef05d46144dae2e6b5853df8bc
https://conda.anaconda.org/conda-forge/noarch/dask-core-2024.11.2-pyhd8ed1ab_0.conda#86269596fa40b5b59b1eb8187f04ca1c
https://conda.anaconda.org/conda-forge/osx-arm64/libgoogle-cloud-storage-2.31.0-h7081f7f_0.conda#548fd1d31741ee6b13df4124db4a9f5f
https://conda.anaconda.org/conda-forge/osx-arm64/numpy-2.0.2-py311h6de8079_0.conda#2bd1d7e02190016932c5e02ed1aece33
https://conda.anaconda.org/conda-forge/osx-arm64/pango-1.54.0-h9ee27a3_2.conda#af2a2118261adf2d7a350d6767b450f2
https://conda.anaconda.org/conda-forge/noarch/pint-0.24.4-pyhd8ed1ab_0.conda#cb091db43679e633dc2a4b83cdd72069
https://conda.anaconda.org/conda-forge/noarch/urllib3-2.2.3-pyhd8ed1ab_0.conda#6b55867f385dd762ed99ea687af32a69
https://conda.anaconda.org/conda-forge/osx-arm64/aws-sdk-cpp-1.11.407-h124cfea_9.conda#08c1305729417bd80910219c37eef1e8
https://conda.anaconda.org/conda-forge/osx-arm64/azure-storage-files-datalake-cpp-12.12.0-hcdd55da_1.conda#c49fbc5233fcbaa86391162ff1adef38
https://conda.anaconda.org/conda-forge/osx-arm64/contourpy-1.3.1-py311h210dab8_0.conda#7f9e9df2d62cf69aed450f6957a23e61
https://conda.anaconda.org/conda-forge/noarch/distributed-2024.11.2-pyhd8ed1ab_0.conda#82613fc096ecd4a0a0f50681e0e1f994
https://conda.anaconda.org/conda-forge/osx-arm64/gtk2-2.24.33-h91d5085_5.conda#23558d38b8e80959b74cfe83acad7c66
https://conda.anaconda.org/conda-forge/osx-arm64/librsvg-2.58.4-h40956f1_0.conda#27c333944e11caae7bc3a35178d32ac5
https://conda.anaconda.org/conda-forge/osx-arm64/numba-0.60.0-py311h9506ed5_0.conda#5e14ce0b9976d6d0370c9f5032c81bb7
https://conda.anaconda.org/conda-forge/osx-arm64/pandas-2.2.3-py311h9cb3ce9_1.conda#9ffa9dee175c76e68ea5de5aa1168d83
https://conda.anaconda.org/conda-forge/osx-arm64/rapidfuzz-3.10.1-py311h6885ffc_0.conda#b5598fc878e0101275aa2ea7c733f80b
https://conda.anaconda.org/conda-forge/noarch/requests-2.32.3-pyhd8ed1ab_0.conda#5ede4753180c7a550a443c430dc8ab52
https://conda.anaconda.org/conda-forge/osx-arm64/scipy-1.14.1-py311hf1db568_1.conda#1163490da89fd85d00d29b4d4be7cf0c
https://conda.anaconda.org/conda-forge/noarch/bokeh-3.6.1-pyhd8ed1ab_0.conda#e88d74bb7b9b89d4c9764286ceb94cc9
https://conda.anaconda.org/conda-forge/noarch/dash-2.18.1-pyhd8ed1ab_0.conda#07f061eda0489f827c821e995cd1a7a4
https://conda.anaconda.org/conda-forge/noarch/dask-jobqueue-0.9.0-pyhd8ed1ab_0.conda#a201de7d36907f2355426e019168d337
https://conda.anaconda.org/conda-forge/osx-arm64/graphviz-12.0.0-hbf8cc41_0.conda#29c0dcbd4ec7135b7a55805aa3a5a331
https://conda.anaconda.org/conda-forge/osx-arm64/levenshtein-0.26.1-py311h6885ffc_0.conda#547341036da54ea3cb03e0324f0db12f
https://conda.anaconda.org/conda-forge/osx-arm64/libarrow-18.0.0-h445c139_4_cpu.conda#c2cfd025518472a91b6f38d9c361c00e
https://conda.anaconda.org/conda-forge/osx-arm64/matplotlib-base-3.9.2-py311hbe3227e_2.conda#2c4e7ee255a37a3dc2ab9ee684b407f4
https://conda.anaconda.org/conda-forge/noarch/pint-pandas-0.6.2-pyhd8ed1ab_0.conda#e55b00e0140b525877b732c4ef057f48
https://conda.anaconda.org/conda-forge/osx-arm64/coolprop-6.6.0-py311h3f08180_3.conda#df0ea324f4bd2bde64c8ce2f4e163fff
https://conda.anaconda.org/conda-forge/osx-arm64/libarrow-acero-18.0.0-h286801f_4_cpu.conda#9faed7051340e8680ad0c87d26276cad
https://conda.anaconda.org/conda-forge/osx-arm64/libparquet-18.0.0-hda0ea68_4_cpu.conda#3c15186e379de4ef46d0bb8f9780ba91
https://conda.anaconda.org/conda-forge/osx-arm64/pyarrow-core-18.0.0-py311he04fa90_1_cpu.conda#f1da706c05d2113a7a1a1d8d07a63c7d
https://conda.anaconda.org/conda-forge/osx-arm64/pydot-3.0.2-py311h267d04e_0.conda#27291bb1a5093d8cc6ee9d1a0e480c13
https://conda.anaconda.org/conda-forge/noarch/python-levenshtein-0.26.1-pyhff2d567_0.conda#a8692c2498b372a57836cae82ffb9045
https://conda.anaconda.org/conda-forge/noarch/fuzzywuzzy-0.18.0-pyhd8ed1ab_0.tar.bz2#fd0e908becef4023c922f29740e9dd32
https://conda.anaconda.org/conda-forge/osx-arm64/libarrow-dataset-18.0.0-h286801f_4_cpu.conda#224310b8e7b1c7670c0a7f34c3a52b00
https://conda.anaconda.org/conda-forge/noarch/fluids-1.0.27-pyhff2d567_0.conda#e3289f2c9c4ac8b6270908c0fce1a1f8
https://conda.anaconda.org/conda-forge/osx-arm64/libarrow-substrait-18.0.0-h6a6e5c5_4_cpu.conda#cf2e497fae56f500c2e33e841c5f8e63
https://conda.anaconda.org/conda-forge/noarch/chemicals-1.2.0-pyhd8ed1ab_0.conda#b966e7f0c7681cbf53fa48405d89167a
https://conda.anaconda.org/conda-forge/osx-arm64/pyarrow-18.0.0-py311ha1ab1f8_1.conda#342deac3c2230b86fdd97fafaf7d22ac
https://conda.anaconda.org/conda-forge/noarch/dask-expr-1.1.19-pyhd8ed1ab_0.conda#09ea33eb6525cc703ce1d39c88378320
https://conda.anaconda.org/conda-forge/noarch/thermo-0.3.0-pyhd8ed1ab_0.conda#94829f47b8dae916968c658941c65315
https://conda.anaconda.org/conda-forge/noarch/dask-2024.11.2-pyhd8ed1ab_0.conda#2271232349fb358aeafb6a8a7fd575a8
https://conda.anaconda.org/conda-forge/noarch/sphinx-argparse-0.5.2-pyhd8ed1ab_0.conda#b18f366aafcdc7b8790ee27c057b3957
https://conda.anaconda.org/conda-forge/noarch/sphinxcontrib-applehelp-2.0.0-pyhd8ed1ab_0.conda#9075bd8c033f0257122300db914e49c9
https://conda.anaconda.org/conda-forge/noarch/sphinxcontrib-devhelp-2.0.0-pyhd8ed1ab_0.conda#b3bcc38c471ebb738854f52a36059b48
https://conda.anaconda.org/conda-forge/noarch/sphinxcontrib-htmlhelp-2.1.0-pyhd8ed1ab_0.conda#e25640d692c02e8acfff0372f547e940
https://conda.anaconda.org/conda-forge/noarch/sphinxcontrib-jquery-4.1-pyhd8ed1ab_0.conda#914897066d5873acfb13e75705276ad1
https://conda.anaconda.org/conda-forge/noarch/sphinx_rtd_theme-3.0.1-pyha770c72_0.conda#740536f8a54250b1964e494c0bf5c9c3
https://conda.anaconda.org/conda-forge/noarch/sphinxcontrib-qthelp-2.0.0-pyhd8ed1ab_0.conda#d6e5ea5fe00164ac6c2dcc5d76a42192
https://conda.anaconda.org/conda-forge/noarch/sphinx-8.1.3-pyhd8ed1ab_0.conda#05706dd5a145a9c91861495cd435409a
https://conda.anaconda.org/conda-forge/noarch/sphinxcontrib-serializinghtml-1.1.10-pyhd8ed1ab_0.conda#e507335cb4ca9cff4c3d0fa9cdab255e
# pip ansicolors @ https://files.pythonhosted.org/packages/53/18/a56e2fe47b259bb52201093a3a9d4a32014f9d85071ad07e9d60600890ca/ansicolors-1.1.8-py2.py3-none-any.whl#sha256=00d2dde5a675579325902536738dd27e4fac1fd68f773fe36c21044eb559e187
# pip dash-core-components @ https://files.pythonhosted.org/packages/00/9e/a29f726e84e531a36d56cff187e61d8c96d2cc253c5bcef9a7695acb7e6a/dash_core_components-2.0.0-py3-none-any.whl#sha256=52b8e8cce13b18d0802ee3acbc5e888cb1248a04968f962d63d070400af2e346
# pip dash-html-components @ https://files.pythonhosted.org/packages/75/65/1b16b853844ef59b2742a7de74a598f376ac0ab581f0dcc34db294e5c90e/dash_html_components-2.0.0-py3-none-any.whl#sha256=b42cc903713c9706af03b3f2548bda4be7307a7cf89b7d6eae3da872717d1b63
# pip dash-table @ https://files.pythonhosted.org/packages/da/ce/43f77dc8e7bbad02a9f88d07bf794eaf68359df756a28bb9f2f78e255bb1/dash_table-5.0.0-py3-none-any.whl#sha256=19036fa352bb1c11baf38068ec62d172f0515f73ca3276c79dee49b95ddc16c9
# pip decorator @ https://files.pythonhosted.org/packages/d5/50/83c593b07763e1161326b3b8c6686f0f4b0f24d5526546bee538c89837d6/decorator-5.1.1-py3-none-any.whl#sha256=b8c3f85900b9dc423225913c5aace94729fe1fa9763b38939a95226f02d37186
# pip et-xmlfile @ https://files.pythonhosted.org/packages/c1/8b/5fe2cc11fee489817272089c4203e679c63b570a5aaeb18d852ae3cbba6a/et_xmlfile-2.0.0-py3-none-any.whl#sha256=7a91720bc756843502c3b7504c77b8fe44217c85c537d85037f0f536151b2caa
# pip executing @ https://files.pythonhosted.org/packages/b5/fd/afcd0496feca3276f509df3dbd5dae726fcc756f1a08d9e25abe1733f962/executing-2.1.0-py2.py3-none-any.whl#sha256=8d63781349375b5ebccc3142f4b30350c0cd9c79f921cde38be2be4637e98eaf
# pip free-properties @ https://files.pythonhosted.org/packages/76/15/9115abafa5a7e94dd7178d20067d5d1998d773c06493d2012d4d1d80ec76/free_properties-0.3.6-py3-none-any.whl#sha256=3c5ee013e6a74f46d7232824fb499428c9f40f1b4efd6cd8c34510e91d65a381
# pip numpy @ https://files.pythonhosted.org/packages/1a/2e/151484f49fd03944c4a3ad9c418ed193cfd02724e138ac8a9505d056c582/numpy-1.26.4-cp311-cp311-macosx_11_0_arm64.whl#sha256=edd8b5fe47dab091176d21bb6de568acdd906d1887a4584a15a9a96a1dca06ef
# pip parso @ https://files.pythonhosted.org/packages/c6/ac/dac4a63f978e4dcb3c6d3a78c4d8e0192a113d288502a1216950c41b1027/parso-0.8.4-py2.py3-none-any.whl#sha256=a418670a20291dacd2dddc80c377c5c3791378ee1e8d12bffc35420643d43f18
# pip ptyprocess @ https://files.pythonhosted.org/packages/22/a6/858897256d0deac81a172289110f31629fc4cee19b6f01283303e18c8db3/ptyprocess-0.7.0-py2.py3-none-any.whl#sha256=4b41f3967fce3af57cc7e94b888626c18bf37a083e3651ca8feeb66d492fef35
# pip pure-eval @ https://files.pythonhosted.org/packages/8e/37/efad0257dc6e593a18957422533ff0f87ede7c9c6ea010a2177d738fb82f/pure_eval-0.2.3-py3-none-any.whl#sha256=1db8e35b67b3d218d818ae653e27f06c3aa420901fa7b081ca98cbedc874e0d0
# pip pyglet @ https://files.pythonhosted.org/packages/2a/03/17a5cc013b9dbe531f5e64e026f7ec4143ffcd77ae055a0c07e6211cb3d6/pyglet-2.0.18-py3-none-any.whl#sha256=e592952ae0297e456c587b6486ed8c3e5f9d0c3519d517bb92dde5fdf4c26b41
# pip pyxsteam @ https://files.pythonhosted.org/packages/db/4c/814e6f7efce6a7be6e65e01a39b62d55514d8aab36f0f50f44f3cf7a7c62/pyXSteam-0.4.9-py3-none-any.whl#sha256=628e91b4be23b513704421ba701be1a93c358a19726a5a38fba150679f94cbc6
# pip traitlets @ https://files.pythonhosted.org/packages/00/c0/8f5d070730d7836adc9c9b6408dec68c6ced86b304a9b26a14df072a6e8c/traitlets-5.14.3-py3-none-any.whl#sha256=b74e89e397b1ed28cc831db7aea759ba6640cb3de13090ca145426688ff1ac4f
# pip wcwidth @ https://files.pythonhosted.org/packages/fd/84/fd2ba7aafacbad3c4201d395674fc6348826569da3c0937e75505ead3528/wcwidth-0.2.13-py2.py3-none-any.whl#sha256=3da69048e4540d84af32131829ff948f1e022c1c6bdb8d6102117aac784f6859
# pip xlrd @ https://files.pythonhosted.org/packages/a6/0c/c2a72d51fe56e08a08acc85d13013558a2d793028ae7385448a6ccdfae64/xlrd-2.0.1-py2.py3-none-any.whl#sha256=6a33ee89877bd9abc1158129f6e94be74e2679636b8a205b43b85206c3f0bbdd
# pip asttokens @ https://files.pythonhosted.org/packages/45/86/4736ac618d82a20d87d2f92ae19441ebc7ac9e7a581d7e58bbe79233b24a/asttokens-2.4.1-py2.py3-none-any.whl#sha256=051ed49c3dcae8913ea7cd08e46a606dba30b79993209636c4875bc1d637bc24
# pip colorpalette @ https://files.pythonhosted.org/packages/bf/c2/1b8de77cebbe8a825ff2e90a35238f707cb7d5e88f52b6e993686afecd9c/colorpalette-0.3.3.tar.gz#sha256=e4bb8f5b087b5719bd01e39a4df2a646db15cad9fe765234dd8ba85b47488ceb
# pip dash-cytoscape @ https://files.pythonhosted.org/packages/ea/b7/0d511af853024241dc3192bea77e4753ea606187bd2dd777a8209a5b01bb/dash_cytoscape-1.0.2.tar.gz#sha256=a61019d2184d63a2b3b5c06d056d3b867a04223a674cc3c7cf900a561a9a59aa
# pip flexsolve @ https://files.pythonhosted.org/packages/e7/0e/1c1e6ff246b8bea2718392b4045cfc8d666c53f63bb4ef9ff70373d93468/flexsolve-0.5.7.tar.gz#sha256=d5d75114928417d5ef3341a5ecf5cf35905752b718d7227a0612b140044d236a
# pip jedi @ https://files.pythonhosted.org/packages/c0/5a/9cac0c82afec3d09ccd97c8b6502d48f165f9124db81b4bcb90b4af974ee/jedi-0.19.2-py2.py3-none-any.whl#sha256=a8ef22bde8490f57fe5c7681a3c83cb58874daf72b4784de3cce5b6ef6edb5b9
# pip matplotlib-inline @ https://files.pythonhosted.org/packages/8f/8e/9ad090d3553c280a8060fbf6e24dc1c0c29704ee7d1c372f0c174aa59285/matplotlib_inline-0.1.7-py3-none-any.whl#sha256=df192d39a4ff8f21b1895d72e6a13f5fcc5099f00fa84384e0ea28c2cc0653ca
# pip openpyxl @ https://files.pythonhosted.org/packages/c0/da/977ded879c29cbd04de313843e76868e6e13408a94ed6b987245dc7c8506/openpyxl-3.1.5-py2.py3-none-any.whl#sha256=5282c12b107bffeef825f4617dc029afaf41d0ea60823bbb665ef3079dc79de2
# pip pexpect @ https://files.pythonhosted.org/packages/9e/c3/059298687310d527a58bb01f3b1965787ee3b40dce76752eda8b44e9a2c5/pexpect-4.9.0-py2.py3-none-any.whl#sha256=7236d1e080e4936be2dc3e326cec0af72acf9212a7e1d060210e70a47e253523
# pip prompt-toolkit @ https://files.pythonhosted.org/packages/a9/6a/fd08d94654f7e67c52ca30523a178b3f8ccc4237fce4be90d39c938a831a/prompt_toolkit-3.0.48-py3-none-any.whl#sha256=f49a827f90062e411f1ce1f854f2aedb3c23353244f8108b89283587397ac10e
# pip werkzeug @ https://files.pythonhosted.org/packages/6c/69/05837f91dfe42109203ffa3e488214ff86a6d68b2ed6c167da6cdc42349b/werkzeug-3.0.6-py3-none-any.whl#sha256=1bc0c2310d2fbb07b1dd1105eba2f7af72f322e1e455f2f93c993bee8c8a5f17
# pip flask @ https://files.pythonhosted.org/packages/61/80/ffe1da13ad9300f87c93af113edd0638c75138c42a0994becfacac078c06/flask-3.0.3-py3-none-any.whl#sha256=34e815dfaa43340d1d15a5c3a02b8476004037eb4840b34910c6e21679d288f3
# pip stack-data @ https://files.pythonhosted.org/packages/f1/7b/ce1eafaf1a76852e2ec9b22edecf1daa58175c090266e9f6c64afcd81d91/stack_data-0.6.3-py3-none-any.whl#sha256=d5558e0c25a4cb0853cddad3d77da9891a08cb85dd9f9f91b9f8cd66e511e695
# pip ipython @ https://files.pythonhosted.org/packages/c5/a5/c15ed187f1b3fac445bb42a2dedd8dec1eee1718b35129242049a13a962f/ipython-8.29.0-py3-none-any.whl#sha256=0188a1bd83267192123ccea7f4a8ed0a78910535dbaa3f37671dca76ebd429c8
# pip thermosteam @ https://files.pythonhosted.org/packages/ce/9e/c243c28473d1b84aeadbed0f2d8019e2ddf17ba270104946326e8f8fec74/thermosteam-0.46.0.tar.gz#sha256=585bf223654a376930daba303e5687c152c7ff46ee611ef91f9ee5541b51692e
